// !$*UTF8*$!
{
	archiveVersion = 1;
	classes = {
	};
	objectVersion = 48;
	objects = {

/* Begin PBXBuildFile section */
		C80284871FE26C150034E6DB /* AppDelegate.swift in Sources */ = {isa = PBXBuildFile; fileRef = C80284861FE26C150034E6DB /* AppDelegate.swift */; };
		C80284891FE26C150034E6DB /* ViewController.swift in Sources */ = {isa = PBXBuildFile; fileRef = C80284881FE26C150034E6DB /* ViewController.swift */; };
		C802849C1FE26C150034E6DB /* SwiftMVVMTests.swift in Sources */ = {isa = PBXBuildFile; fileRef = C802849B1FE26C150034E6DB /* SwiftMVVMTests.swift */; };
		C80284A71FE26C150034E6DB /* SwiftMVVMUITests.swift in Sources */ = {isa = PBXBuildFile; fileRef = C80284A61FE26C150034E6DB /* SwiftMVVMUITests.swift */; };
		C80284BC1FE26F000034E6DB /* AutoGenStrings.py in Resources */ = {isa = PBXBuildFile; fileRef = C80284BB1FE26EFF0034E6DB /* AutoGenStrings.py */; };
		C802853D1FE270990034E6DB /* HomeController.swift in Sources */ = {isa = PBXBuildFile; fileRef = C80284D61FE270980034E6DB /* HomeController.swift */; };
		C802853E1FE270990034E6DB /* SignInOneController.swift in Sources */ = {isa = PBXBuildFile; fileRef = C80284D81FE270980034E6DB /* SignInOneController.swift */; };
		C802853F1FE270990034E6DB /* SignInTwoController.swift in Sources */ = {isa = PBXBuildFile; fileRef = C80284D91FE270980034E6DB /* SignInTwoController.swift */; };
		C80285401FE270990034E6DB /* LoginController.swift in Sources */ = {isa = PBXBuildFile; fileRef = C80284DA1FE270980034E6DB /* LoginController.swift */; };
		C80285411FE270990034E6DB /* ResetPassWordController.swift in Sources */ = {isa = PBXBuildFile; fileRef = C80284DB1FE270980034E6DB /* ResetPassWordController.swift */; };
		C80285421FE270990034E6DB /* UserCenterController.swift in Sources */ = {isa = PBXBuildFile; fileRef = C80284DC1FE270980034E6DB /* UserCenterController.swift */; };
		C80285431FE270990034E6DB /* SetPasswordController.swift in Sources */ = {isa = PBXBuildFile; fileRef = C80284DD1FE270980034E6DB /* SetPasswordController.swift */; };
		C80285441FE270990034E6DB /* PopoverController.swift in Sources */ = {isa = PBXBuildFile; fileRef = C80284DF1FE270980034E6DB /* PopoverController.swift */; };
		C80285451FE270990034E6DB /* PlaceHolderViewController.swift in Sources */ = {isa = PBXBuildFile; fileRef = C80284E01FE270980034E6DB /* PlaceHolderViewController.swift */; };
		C80285461FE270990034E6DB /* HideTopNavBarController.swift in Sources */ = {isa = PBXBuildFile; fileRef = C80284E21FE270980034E6DB /* HideTopNavBarController.swift */; };
		C80285471FE270990034E6DB /* HideNavConfigure.plist in Resources */ = {isa = PBXBuildFile; fileRef = C80284E31FE270980034E6DB /* HideNavConfigure.plist */; };
		C80285481FE270990034E6DB /* NormalNavBarController.swift in Sources */ = {isa = PBXBuildFile; fileRef = C80284E41FE270980034E6DB /* NormalNavBarController.swift */; };
		C80285491FE270990034E6DB /* MainTabBarController.swift in Sources */ = {isa = PBXBuildFile; fileRef = C80284E51FE270980034E6DB /* MainTabBarController.swift */; };
		C802854A1FE270990034E6DB /* UIBarButtonItemFixSpace.swift in Sources */ = {isa = PBXBuildFile; fileRef = C80284E91FE270980034E6DB /* UIBarButtonItemFixSpace.swift */; };
		C802854B1FE270990034E6DB /* UIBarButtonItemExtension.swift in Sources */ = {isa = PBXBuildFile; fileRef = C80284EA1FE270980034E6DB /* UIBarButtonItemExtension.swift */; };
		C802854C1FE270990034E6DB /* DispatchQueueExtension.swift in Sources */ = {isa = PBXBuildFile; fileRef = C80284EB1FE270980034E6DB /* DispatchQueueExtension.swift */; };
		C802854D1FE270990034E6DB /* LaunchedTransitionView.swift in Sources */ = {isa = PBXBuildFile; fileRef = C80284ED1FE270980034E6DB /* LaunchedTransitionView.swift */; };
		C802854E1FE270990034E6DB /* AHTabBar.swift in Sources */ = {isa = PBXBuildFile; fileRef = C80284EF1FE270980034E6DB /* AHTabBar.swift */; };
		C802854F1FE270990034E6DB /* PlaceHolderNavBar.swift in Sources */ = {isa = PBXBuildFile; fileRef = C80284F01FE270980034E6DB /* PlaceHolderNavBar.swift */; };
		C80285501FE270990034E6DB /* Test.swift in Sources */ = {isa = PBXBuildFile; fileRef = C80284F31FE270980034E6DB /* Test.swift */; };
		C80285511FE270990034E6DB /* City.swift in Sources */ = {isa = PBXBuildFile; fileRef = C80284F41FE270980034E6DB /* City.swift */; };
		C80285521FE270990034E6DB /* User.swift in Sources */ = {isa = PBXBuildFile; fileRef = C80284F51FE270980034E6DB /* User.swift */; };
		C80285531FE270990034E6DB /* File.swift in Sources */ = {isa = PBXBuildFile; fileRef = C80284F61FE270980034E6DB /* File.swift */; };
		C80285541FE270990034E6DB /* Country.swift in Sources */ = {isa = PBXBuildFile; fileRef = C80284F71FE270980034E6DB /* Country.swift */; };
		C80285551FE270990034E6DB /* Province.swift in Sources */ = {isa = PBXBuildFile; fileRef = C80284F81FE270980034E6DB /* Province.swift */; };
		C80285561FE270990034E6DB /* Fuck.swift in Sources */ = {isa = PBXBuildFile; fileRef = C80284F91FE270980034E6DB /* Fuck.swift */; };
		C80285571FE270990034E6DB /* UserApi.swift in Sources */ = {isa = PBXBuildFile; fileRef = C80284FB1FE270980034E6DB /* UserApi.swift */; };
		C80285581FE270990034E6DB /* TestApi.swift in Sources */ = {isa = PBXBuildFile; fileRef = C80284FC1FE270980034E6DB /* TestApi.swift */; };
		C80285591FE270990034E6DB /* ProvinceApi.swift in Sources */ = {isa = PBXBuildFile; fileRef = C80284FD1FE270980034E6DB /* ProvinceApi.swift */; };
		C802855A1FE270990034E6DB /* NewsApi.swift in Sources */ = {isa = PBXBuildFile; fileRef = C80284FE1FE270980034E6DB /* NewsApi.swift */; };
		C802855C1FE270990034E6DB /* UIColorExtension.swift in Sources */ = {isa = PBXBuildFile; fileRef = C80285031FE270990034E6DB /* UIColorExtension.swift */; };
		C802855D1FE270990034E6DB /* NSObjectExtension.swift in Sources */ = {isa = PBXBuildFile; fileRef = C80285041FE270990034E6DB /* NSObjectExtension.swift */; };
		C802855E1FE270990034E6DB /* NotificationCenterExtension.swift in Sources */ = {isa = PBXBuildFile; fileRef = C80285051FE270990034E6DB /* NotificationCenterExtension.swift */; };
		C802855F1FE270990034E6DB /* UIApplicationExtension.swift in Sources */ = {isa = PBXBuildFile; fileRef = C80285061FE270990034E6DB /* UIApplicationExtension.swift */; };
		C80285601FE270990034E6DB /* NSUserDefaultsExtension.swift in Sources */ = {isa = PBXBuildFile; fileRef = C80285071FE270990034E6DB /* NSUserDefaultsExtension.swift */; };
		C80285611FE270990034E6DB /* UIViewControllerExtension.swift in Sources */ = {isa = PBXBuildFile; fileRef = C80285081FE270990034E6DB /* UIViewControllerExtension.swift */; };
		C80285621FE270990034E6DB /* UIStoryboardExtension.swift in Sources */ = {isa = PBXBuildFile; fileRef = C80285091FE270990034E6DB /* UIStoryboardExtension.swift */; };
		C80285631FE270990034E6DB /* UIViewExtension.swift in Sources */ = {isa = PBXBuildFile; fileRef = C802850A1FE270990034E6DB /* UIViewExtension.swift */; };
		C80285641FE270990034E6DB /* StringExtension.swift in Sources */ = {isa = PBXBuildFile; fileRef = C802850B1FE270990034E6DB /* StringExtension.swift */; };
		C80285651FE270990034E6DB /* UIImageExtension.swift in Sources */ = {isa = PBXBuildFile; fileRef = C802850C1FE270990034E6DB /* UIImageExtension.swift */; };
		C80285661FE270990034E6DB /* FoundationExtension.swift in Sources */ = {isa = PBXBuildFile; fileRef = C802850D1FE270990034E6DB /* FoundationExtension.swift */; };
		C80285671FE270990034E6DB /* Predefine.swift in Sources */ = {isa = PBXBuildFile; fileRef = C802850F1FE270990034E6DB /* Predefine.swift */; };
		C80285681FE270990034E6DB /* NetworkType.swift in Sources */ = {isa = PBXBuildFile; fileRef = C80285141FE270990034E6DB /* NetworkType.swift */; };
		C80285691FE270990034E6DB /* NetworkManager.swift in Sources */ = {isa = PBXBuildFile; fileRef = C80285151FE270990034E6DB /* NetworkManager.swift */; };
		C802856A1FE270990034E6DB /* Request.swift in Sources */ = {isa = PBXBuildFile; fileRef = C80285161FE270990034E6DB /* Request.swift */; };
		C802856B1FE270990034E6DB /* HTTPProvider.swift in Sources */ = {isa = PBXBuildFile; fileRef = C80285171FE270990034E6DB /* HTTPProvider.swift */; };
		C802856C1FE270990034E6DB /* NetworkConfiguration.swift in Sources */ = {isa = PBXBuildFile; fileRef = C80285181FE270990034E6DB /* NetworkConfiguration.swift */; };
		C802856D1FE270990034E6DB /* CacheManager.swift in Sources */ = {isa = PBXBuildFile; fileRef = C80285191FE270990034E6DB /* CacheManager.swift */; };
		C802856E1FE270990034E6DB /* AppManager.swift in Sources */ = {isa = PBXBuildFile; fileRef = C802851A1FE270990034E6DB /* AppManager.swift */; };
		C802856F1FE270990034E6DB /* DateTools.swift in Sources */ = {isa = PBXBuildFile; fileRef = C802851B1FE270990034E6DB /* DateTools.swift */; };
		C80285701FE270990034E6DB /* ThemeManager.swift in Sources */ = {isa = PBXBuildFile; fileRef = C802851C1FE270990034E6DB /* ThemeManager.swift */; };
		C80285711FE270990034E6DB /* FileTool.swift in Sources */ = {isa = PBXBuildFile; fileRef = C802851E1FE270990034E6DB /* FileTool.swift */; };
		C80285721FE270990034E6DB /* LocationManager.swift in Sources */ = {isa = PBXBuildFile; fileRef = C802851F1FE270990034E6DB /* LocationManager.swift */; };
		C80285731FE270990034E6DB /* DBModel.swift in Sources */ = {isa = PBXBuildFile; fileRef = C80285211FE270990034E6DB /* DBModel.swift */; };
		C80285741FE270990034E6DB /* DataBaseManager.swift in Sources */ = {isa = PBXBuildFile; fileRef = C80285221FE270990034E6DB /* DataBaseManager.swift */; };
		C80285751FE270990034E6DB /* AutoProgressHUD.swift in Sources */ = {isa = PBXBuildFile; fileRef = C80285251FE270990034E6DB /* AutoProgressHUD.swift */; };
		C80285761FE270990034E6DB /* WKWebViewController.swift in Sources */ = {isa = PBXBuildFile; fileRef = C80285281FE270990034E6DB /* WKWebViewController.swift */; };
		C80285771FE270990034E6DB /* WebViewController.swift in Sources */ = {isa = PBXBuildFile; fileRef = C80285291FE270990034E6DB /* WebViewController.swift */; };
		C80285781FE270990034E6DB /* WebUtils.swift in Sources */ = {isa = PBXBuildFile; fileRef = C802852A1FE270990034E6DB /* WebUtils.swift */; };
		C80285791FE270990034E6DB /* UIWebViewController.swift in Sources */ = {isa = PBXBuildFile; fileRef = C802852B1FE270990034E6DB /* UIWebViewController.swift */; };
		C802857A1FE270990034E6DB /* holder.png in Resources */ = {isa = PBXBuildFile; fileRef = C802852D1FE270990034E6DB /* holder.png */; };
		C802857B1FE270990034E6DB /* lazyload.html in Resources */ = {isa = PBXBuildFile; fileRef = C802852E1FE270990034E6DB /* lazyload.html */; };
		C802857C1FE270990034E6DB /* app.css in Resources */ = {isa = PBXBuildFile; fileRef = C802852F1FE270990034E6DB /* app.css */; };
		C802857D1FE270990034E6DB /* test.html in Resources */ = {isa = PBXBuildFile; fileRef = C80285301FE270990034E6DB /* test.html */; };
		C802857E1FE270990034E6DB /* jquery-2.2.0.js in Resources */ = {isa = PBXBuildFile; fileRef = C80285311FE270990034E6DB /* jquery-2.2.0.js */; };
		C802857F1FE270990034E6DB /* jquery.lazyload.js in Resources */ = {isa = PBXBuildFile; fileRef = C80285321FE270990034E6DB /* jquery.lazyload.js */; };
		C80285801FE270990034E6DB /* GlobalUIManager.swift in Sources */ = {isa = PBXBuildFile; fileRef = C80285331FE270990034E6DB /* GlobalUIManager.swift */; };
		C80285811FE270990034E6DB /* UserViewModel.swift in Sources */ = {isa = PBXBuildFile; fileRef = C80285351FE270990034E6DB /* UserViewModel.swift */; };
		C80285821FE270990034E6DB /* HomeViewModel.swift in Sources */ = {isa = PBXBuildFile; fileRef = C80285361FE270990034E6DB /* HomeViewModel.swift */; };
		C80285831FE270990034E6DB /* BaseViewModel.swift in Sources */ = {isa = PBXBuildFile; fileRef = C80285371FE270990034E6DB /* BaseViewModel.swift */; };
		C80285841FE270990034E6DB /* ProvinceViewModel.swift in Sources */ = {isa = PBXBuildFile; fileRef = C80285381FE270990034E6DB /* ProvinceViewModel.swift */; };
		C80285861FE271520034E6DB /* Assets.xcassets in Resources */ = {isa = PBXBuildFile; fileRef = C80285851FE271520034E6DB /* Assets.xcassets */; };
		C802858B1FE271B30034E6DB /* Main.storyboard in Resources */ = {isa = PBXBuildFile; fileRef = C80285871FE271B30034E6DB /* Main.storyboard */; };
		C802858C1FE271B30034E6DB /* LaunchScreen.storyboard in Resources */ = {isa = PBXBuildFile; fileRef = C80285891FE271B30034E6DB /* LaunchScreen.storyboard */; };
		C802859E1FE273050034E6DB /* Localizable.strings in Resources */ = {isa = PBXBuildFile; fileRef = C80285A01FE273050034E6DB /* Localizable.strings */; };
		C82A7A581FE7A63F00EF2C52 /* MicrophoneView.swift in Sources */ = {isa = PBXBuildFile; fileRef = C82A7A571FE7A63F00EF2C52 /* MicrophoneView.swift */; };
		C82A7A5B1FE7A7C100EF2C52 /* lorem.txt in Resources */ = {isa = PBXBuildFile; fileRef = C82A7A5A1FE7A7C100EF2C52 /* lorem.txt */; };
		C89EA2091FE27CF8004BD080 /* InfoPlist.strings in Resources */ = {isa = PBXBuildFile; fileRef = C89EA20B1FE27CF8004BD080 /* InfoPlist.strings */; };
		C8B40C301FE3C6FA00229171 /* PublishArticleController.swift in Sources */ = {isa = PBXBuildFile; fileRef = C8B40C2F1FE3C6FA00229171 /* PublishArticleController.swift */; };
		C8C4E4B11FE90D45009B0B1C /* Illustration.swift in Sources */ = {isa = PBXBuildFile; fileRef = C8C4E4B01FE90D44009B0B1C /* Illustration.swift */; };
		D56C8EF2AEC761C16667A41F /* Pods_SwiftMVVM.framework in Frameworks */ = {isa = PBXBuildFile; fileRef = DEE625F5CA1F0EDA4D3C5EC5 /* Pods_SwiftMVVM.framework */; };
/* End PBXBuildFile section */

/* Begin PBXContainerItemProxy section */
		C80284981FE26C150034E6DB /* PBXContainerItemProxy */ = {
			isa = PBXContainerItemProxy;
			containerPortal = C802847B1FE26C140034E6DB /* Project object */;
			proxyType = 1;
			remoteGlobalIDString = C80284821FE26C140034E6DB;
			remoteInfo = SwiftMVVM;
		};
		C80284A31FE26C150034E6DB /* PBXContainerItemProxy */ = {
			isa = PBXContainerItemProxy;
			containerPortal = C802847B1FE26C140034E6DB /* Project object */;
			proxyType = 1;
			remoteGlobalIDString = C80284821FE26C140034E6DB;
			remoteInfo = SwiftMVVM;
		};
/* End PBXContainerItemProxy section */

/* Begin PBXFileReference section */
		6D8E7FF140DBF47494494AFB /* Pods-SwiftMVVM.release.xcconfig */ = {isa = PBXFileReference; includeInIndex = 1; lastKnownFileType = text.xcconfig; name = "Pods-SwiftMVVM.release.xcconfig"; path = "Pods/Target Support Files/Pods-SwiftMVVM/Pods-SwiftMVVM.release.xcconfig"; sourceTree = "<group>"; };
		86876A239E5795A81EC62B98 /* Pods-SwiftMVVM.debug.xcconfig */ = {isa = PBXFileReference; includeInIndex = 1; lastKnownFileType = text.xcconfig; name = "Pods-SwiftMVVM.debug.xcconfig"; path = "Pods/Target Support Files/Pods-SwiftMVVM/Pods-SwiftMVVM.debug.xcconfig"; sourceTree = "<group>"; };
		C80284831FE26C140034E6DB /* SwiftMVVM.app */ = {isa = PBXFileReference; explicitFileType = wrapper.application; includeInIndex = 0; path = SwiftMVVM.app; sourceTree = BUILT_PRODUCTS_DIR; };
		C80284861FE26C150034E6DB /* AppDelegate.swift */ = {isa = PBXFileReference; lastKnownFileType = sourcecode.swift; path = AppDelegate.swift; sourceTree = "<group>"; };
		C80284881FE26C150034E6DB /* ViewController.swift */ = {isa = PBXFileReference; lastKnownFileType = sourcecode.swift; path = ViewController.swift; sourceTree = "<group>"; };
		C80284971FE26C150034E6DB /* SwiftMVVMTests.xctest */ = {isa = PBXFileReference; explicitFileType = wrapper.cfbundle; includeInIndex = 0; path = SwiftMVVMTests.xctest; sourceTree = BUILT_PRODUCTS_DIR; };
		C802849B1FE26C150034E6DB /* SwiftMVVMTests.swift */ = {isa = PBXFileReference; lastKnownFileType = sourcecode.swift; path = SwiftMVVMTests.swift; sourceTree = "<group>"; };
		C802849D1FE26C150034E6DB /* Info.plist */ = {isa = PBXFileReference; lastKnownFileType = text.plist.xml; path = Info.plist; sourceTree = "<group>"; };
		C80284A21FE26C150034E6DB /* SwiftMVVMUITests.xctest */ = {isa = PBXFileReference; explicitFileType = wrapper.cfbundle; includeInIndex = 0; path = SwiftMVVMUITests.xctest; sourceTree = BUILT_PRODUCTS_DIR; };
		C80284A61FE26C150034E6DB /* SwiftMVVMUITests.swift */ = {isa = PBXFileReference; lastKnownFileType = sourcecode.swift; path = SwiftMVVMUITests.swift; sourceTree = "<group>"; };
		C80284A81FE26C150034E6DB /* Info.plist */ = {isa = PBXFileReference; lastKnownFileType = text.plist.xml; path = Info.plist; sourceTree = "<group>"; };
		C80284BB1FE26EFF0034E6DB /* AutoGenStrings.py */ = {isa = PBXFileReference; fileEncoding = 4; lastKnownFileType = text.script.python; path = AutoGenStrings.py; sourceTree = "<group>"; };
		C80284D61FE270980034E6DB /* HomeController.swift */ = {isa = PBXFileReference; fileEncoding = 4; lastKnownFileType = sourcecode.swift; path = HomeController.swift; sourceTree = "<group>"; };
		C80284D81FE270980034E6DB /* SignInOneController.swift */ = {isa = PBXFileReference; fileEncoding = 4; lastKnownFileType = sourcecode.swift; path = SignInOneController.swift; sourceTree = "<group>"; };
		C80284D91FE270980034E6DB /* SignInTwoController.swift */ = {isa = PBXFileReference; fileEncoding = 4; lastKnownFileType = sourcecode.swift; path = SignInTwoController.swift; sourceTree = "<group>"; };
		C80284DA1FE270980034E6DB /* LoginController.swift */ = {isa = PBXFileReference; fileEncoding = 4; lastKnownFileType = sourcecode.swift; path = LoginController.swift; sourceTree = "<group>"; };
		C80284DB1FE270980034E6DB /* ResetPassWordController.swift */ = {isa = PBXFileReference; fileEncoding = 4; lastKnownFileType = sourcecode.swift; path = ResetPassWordController.swift; sourceTree = "<group>"; };
		C80284DC1FE270980034E6DB /* UserCenterController.swift */ = {isa = PBXFileReference; fileEncoding = 4; lastKnownFileType = sourcecode.swift; path = UserCenterController.swift; sourceTree = "<group>"; };
		C80284DD1FE270980034E6DB /* SetPasswordController.swift */ = {isa = PBXFileReference; fileEncoding = 4; lastKnownFileType = sourcecode.swift; path = SetPasswordController.swift; sourceTree = "<group>"; };
		C80284DF1FE270980034E6DB /* PopoverController.swift */ = {isa = PBXFileReference; fileEncoding = 4; lastKnownFileType = sourcecode.swift; path = PopoverController.swift; sourceTree = "<group>"; };
		C80284E01FE270980034E6DB /* PlaceHolderViewController.swift */ = {isa = PBXFileReference; fileEncoding = 4; lastKnownFileType = sourcecode.swift; path = PlaceHolderViewController.swift; sourceTree = "<group>"; };
		C80284E21FE270980034E6DB /* HideTopNavBarController.swift */ = {isa = PBXFileReference; fileEncoding = 4; lastKnownFileType = sourcecode.swift; path = HideTopNavBarController.swift; sourceTree = "<group>"; };
		C80284E31FE270980034E6DB /* HideNavConfigure.plist */ = {isa = PBXFileReference; fileEncoding = 4; lastKnownFileType = text.plist.xml; path = HideNavConfigure.plist; sourceTree = "<group>"; };
		C80284E41FE270980034E6DB /* NormalNavBarController.swift */ = {isa = PBXFileReference; fileEncoding = 4; lastKnownFileType = sourcecode.swift; path = NormalNavBarController.swift; sourceTree = "<group>"; };
		C80284E51FE270980034E6DB /* MainTabBarController.swift */ = {isa = PBXFileReference; fileEncoding = 4; lastKnownFileType = sourcecode.swift; path = MainTabBarController.swift; sourceTree = "<group>"; };
		C80284E91FE270980034E6DB /* UIBarButtonItemFixSpace.swift */ = {isa = PBXFileReference; fileEncoding = 4; lastKnownFileType = sourcecode.swift; path = UIBarButtonItemFixSpace.swift; sourceTree = "<group>"; };
		C80284EA1FE270980034E6DB /* UIBarButtonItemExtension.swift */ = {isa = PBXFileReference; fileEncoding = 4; lastKnownFileType = sourcecode.swift; path = UIBarButtonItemExtension.swift; sourceTree = "<group>"; };
		C80284EB1FE270980034E6DB /* DispatchQueueExtension.swift */ = {isa = PBXFileReference; fileEncoding = 4; lastKnownFileType = sourcecode.swift; path = DispatchQueueExtension.swift; sourceTree = "<group>"; };
		C80284ED1FE270980034E6DB /* LaunchedTransitionView.swift */ = {isa = PBXFileReference; fileEncoding = 4; lastKnownFileType = sourcecode.swift; path = LaunchedTransitionView.swift; sourceTree = "<group>"; };
		C80284EF1FE270980034E6DB /* AHTabBar.swift */ = {isa = PBXFileReference; fileEncoding = 4; lastKnownFileType = sourcecode.swift; path = AHTabBar.swift; sourceTree = "<group>"; };
		C80284F01FE270980034E6DB /* PlaceHolderNavBar.swift */ = {isa = PBXFileReference; fileEncoding = 4; lastKnownFileType = sourcecode.swift; path = PlaceHolderNavBar.swift; sourceTree = "<group>"; };
		C80284F31FE270980034E6DB /* Test.swift */ = {isa = PBXFileReference; fileEncoding = 4; lastKnownFileType = sourcecode.swift; path = Test.swift; sourceTree = "<group>"; };
		C80284F41FE270980034E6DB /* City.swift */ = {isa = PBXFileReference; fileEncoding = 4; lastKnownFileType = sourcecode.swift; path = City.swift; sourceTree = "<group>"; };
		C80284F51FE270980034E6DB /* User.swift */ = {isa = PBXFileReference; fileEncoding = 4; lastKnownFileType = sourcecode.swift; path = User.swift; sourceTree = "<group>"; };
		C80284F61FE270980034E6DB /* File.swift */ = {isa = PBXFileReference; fileEncoding = 4; lastKnownFileType = sourcecode.swift; path = File.swift; sourceTree = "<group>"; };
		C80284F71FE270980034E6DB /* Country.swift */ = {isa = PBXFileReference; fileEncoding = 4; lastKnownFileType = sourcecode.swift; path = Country.swift; sourceTree = "<group>"; };
		C80284F81FE270980034E6DB /* Province.swift */ = {isa = PBXFileReference; fileEncoding = 4; lastKnownFileType = sourcecode.swift; path = Province.swift; sourceTree = "<group>"; };
		C80284F91FE270980034E6DB /* Fuck.swift */ = {isa = PBXFileReference; fileEncoding = 4; lastKnownFileType = sourcecode.swift; path = Fuck.swift; sourceTree = "<group>"; };
		C80284FB1FE270980034E6DB /* UserApi.swift */ = {isa = PBXFileReference; fileEncoding = 4; lastKnownFileType = sourcecode.swift; path = UserApi.swift; sourceTree = "<group>"; };
		C80284FC1FE270980034E6DB /* TestApi.swift */ = {isa = PBXFileReference; fileEncoding = 4; lastKnownFileType = sourcecode.swift; path = TestApi.swift; sourceTree = "<group>"; };
		C80284FD1FE270980034E6DB /* ProvinceApi.swift */ = {isa = PBXFileReference; fileEncoding = 4; lastKnownFileType = sourcecode.swift; path = ProvinceApi.swift; sourceTree = "<group>"; };
		C80284FE1FE270980034E6DB /* NewsApi.swift */ = {isa = PBXFileReference; fileEncoding = 4; lastKnownFileType = sourcecode.swift; path = NewsApi.swift; sourceTree = "<group>"; };
		C80285001FE270990034E6DB /* AutoGenStrings.py */ = {isa = PBXFileReference; fileEncoding = 4; lastKnownFileType = text.script.python; path = AutoGenStrings.py; sourceTree = "<group>"; };
		C80285031FE270990034E6DB /* UIColorExtension.swift */ = {isa = PBXFileReference; fileEncoding = 4; lastKnownFileType = sourcecode.swift; path = UIColorExtension.swift; sourceTree = "<group>"; };
		C80285041FE270990034E6DB /* NSObjectExtension.swift */ = {isa = PBXFileReference; fileEncoding = 4; lastKnownFileType = sourcecode.swift; path = NSObjectExtension.swift; sourceTree = "<group>"; };
		C80285051FE270990034E6DB /* NotificationCenterExtension.swift */ = {isa = PBXFileReference; fileEncoding = 4; lastKnownFileType = sourcecode.swift; path = NotificationCenterExtension.swift; sourceTree = "<group>"; };
		C80285061FE270990034E6DB /* UIApplicationExtension.swift */ = {isa = PBXFileReference; fileEncoding = 4; lastKnownFileType = sourcecode.swift; path = UIApplicationExtension.swift; sourceTree = "<group>"; };
		C80285071FE270990034E6DB /* NSUserDefaultsExtension.swift */ = {isa = PBXFileReference; fileEncoding = 4; lastKnownFileType = sourcecode.swift; path = NSUserDefaultsExtension.swift; sourceTree = "<group>"; };
		C80285081FE270990034E6DB /* UIViewControllerExtension.swift */ = {isa = PBXFileReference; fileEncoding = 4; lastKnownFileType = sourcecode.swift; path = UIViewControllerExtension.swift; sourceTree = "<group>"; };
		C80285091FE270990034E6DB /* UIStoryboardExtension.swift */ = {isa = PBXFileReference; fileEncoding = 4; lastKnownFileType = sourcecode.swift; path = UIStoryboardExtension.swift; sourceTree = "<group>"; };
		C802850A1FE270990034E6DB /* UIViewExtension.swift */ = {isa = PBXFileReference; fileEncoding = 4; lastKnownFileType = sourcecode.swift; path = UIViewExtension.swift; sourceTree = "<group>"; };
		C802850B1FE270990034E6DB /* StringExtension.swift */ = {isa = PBXFileReference; fileEncoding = 4; lastKnownFileType = sourcecode.swift; path = StringExtension.swift; sourceTree = "<group>"; };
		C802850C1FE270990034E6DB /* UIImageExtension.swift */ = {isa = PBXFileReference; fileEncoding = 4; lastKnownFileType = sourcecode.swift; path = UIImageExtension.swift; sourceTree = "<group>"; };
		C802850D1FE270990034E6DB /* FoundationExtension.swift */ = {isa = PBXFileReference; fileEncoding = 4; lastKnownFileType = sourcecode.swift; path = FoundationExtension.swift; sourceTree = "<group>"; };
		C802850F1FE270990034E6DB /* Predefine.swift */ = {isa = PBXFileReference; fileEncoding = 4; lastKnownFileType = sourcecode.swift; path = Predefine.swift; sourceTree = "<group>"; };
		C80285101FE270990034E6DB /* SwiftMVVM-Bridging-Header.h */ = {isa = PBXFileReference; fileEncoding = 4; lastKnownFileType = sourcecode.c.h; path = "SwiftMVVM-Bridging-Header.h"; sourceTree = "<group>"; };
		C80285141FE270990034E6DB /* NetworkType.swift */ = {isa = PBXFileReference; fileEncoding = 4; lastKnownFileType = sourcecode.swift; path = NetworkType.swift; sourceTree = "<group>"; };
		C80285151FE270990034E6DB /* NetworkManager.swift */ = {isa = PBXFileReference; fileEncoding = 4; lastKnownFileType = sourcecode.swift; path = NetworkManager.swift; sourceTree = "<group>"; };
		C80285161FE270990034E6DB /* Request.swift */ = {isa = PBXFileReference; fileEncoding = 4; lastKnownFileType = sourcecode.swift; path = Request.swift; sourceTree = "<group>"; };
		C80285171FE270990034E6DB /* HTTPProvider.swift */ = {isa = PBXFileReference; fileEncoding = 4; lastKnownFileType = sourcecode.swift; path = HTTPProvider.swift; sourceTree = "<group>"; };
		C80285181FE270990034E6DB /* NetworkConfiguration.swift */ = {isa = PBXFileReference; fileEncoding = 4; lastKnownFileType = sourcecode.swift; path = NetworkConfiguration.swift; sourceTree = "<group>"; };
		C80285191FE270990034E6DB /* CacheManager.swift */ = {isa = PBXFileReference; fileEncoding = 4; lastKnownFileType = sourcecode.swift; path = CacheManager.swift; sourceTree = "<group>"; };
		C802851A1FE270990034E6DB /* AppManager.swift */ = {isa = PBXFileReference; fileEncoding = 4; lastKnownFileType = sourcecode.swift; path = AppManager.swift; sourceTree = "<group>"; };
		C802851B1FE270990034E6DB /* DateTools.swift */ = {isa = PBXFileReference; fileEncoding = 4; lastKnownFileType = sourcecode.swift; path = DateTools.swift; sourceTree = "<group>"; };
		C802851C1FE270990034E6DB /* ThemeManager.swift */ = {isa = PBXFileReference; fileEncoding = 4; lastKnownFileType = sourcecode.swift; path = ThemeManager.swift; sourceTree = "<group>"; };
		C802851E1FE270990034E6DB /* FileTool.swift */ = {isa = PBXFileReference; fileEncoding = 4; lastKnownFileType = sourcecode.swift; path = FileTool.swift; sourceTree = "<group>"; };
		C802851F1FE270990034E6DB /* LocationManager.swift */ = {isa = PBXFileReference; fileEncoding = 4; lastKnownFileType = sourcecode.swift; path = LocationManager.swift; sourceTree = "<group>"; };
		C80285211FE270990034E6DB /* DBModel.swift */ = {isa = PBXFileReference; fileEncoding = 4; lastKnownFileType = sourcecode.swift; path = DBModel.swift; sourceTree = "<group>"; };
		C80285221FE270990034E6DB /* DataBaseManager.swift */ = {isa = PBXFileReference; fileEncoding = 4; lastKnownFileType = sourcecode.swift; path = DataBaseManager.swift; sourceTree = "<group>"; };
		C80285251FE270990034E6DB /* AutoProgressHUD.swift */ = {isa = PBXFileReference; fileEncoding = 4; lastKnownFileType = sourcecode.swift; path = AutoProgressHUD.swift; sourceTree = "<group>"; };
		C80285281FE270990034E6DB /* WKWebViewController.swift */ = {isa = PBXFileReference; fileEncoding = 4; lastKnownFileType = sourcecode.swift; path = WKWebViewController.swift; sourceTree = "<group>"; };
		C80285291FE270990034E6DB /* WebViewController.swift */ = {isa = PBXFileReference; fileEncoding = 4; lastKnownFileType = sourcecode.swift; path = WebViewController.swift; sourceTree = "<group>"; };
		C802852A1FE270990034E6DB /* WebUtils.swift */ = {isa = PBXFileReference; fileEncoding = 4; lastKnownFileType = sourcecode.swift; path = WebUtils.swift; sourceTree = "<group>"; };
		C802852B1FE270990034E6DB /* UIWebViewController.swift */ = {isa = PBXFileReference; fileEncoding = 4; lastKnownFileType = sourcecode.swift; path = UIWebViewController.swift; sourceTree = "<group>"; };
		C802852D1FE270990034E6DB /* holder.png */ = {isa = PBXFileReference; lastKnownFileType = image.png; path = holder.png; sourceTree = "<group>"; };
		C802852E1FE270990034E6DB /* lazyload.html */ = {isa = PBXFileReference; fileEncoding = 4; lastKnownFileType = text.html; path = lazyload.html; sourceTree = "<group>"; };
		C802852F1FE270990034E6DB /* app.css */ = {isa = PBXFileReference; fileEncoding = 4; lastKnownFileType = text.css; path = app.css; sourceTree = "<group>"; };
		C80285301FE270990034E6DB /* test.html */ = {isa = PBXFileReference; fileEncoding = 4; lastKnownFileType = text.html; path = test.html; sourceTree = "<group>"; };
		C80285311FE270990034E6DB /* jquery-2.2.0.js */ = {isa = PBXFileReference; fileEncoding = 4; lastKnownFileType = sourcecode.javascript; path = "jquery-2.2.0.js"; sourceTree = "<group>"; };
		C80285321FE270990034E6DB /* jquery.lazyload.js */ = {isa = PBXFileReference; fileEncoding = 4; lastKnownFileType = sourcecode.javascript; path = jquery.lazyload.js; sourceTree = "<group>"; };
		C80285331FE270990034E6DB /* GlobalUIManager.swift */ = {isa = PBXFileReference; fileEncoding = 4; lastKnownFileType = sourcecode.swift; path = GlobalUIManager.swift; sourceTree = "<group>"; };
		C80285351FE270990034E6DB /* UserViewModel.swift */ = {isa = PBXFileReference; fileEncoding = 4; lastKnownFileType = sourcecode.swift; path = UserViewModel.swift; sourceTree = "<group>"; };
		C80285361FE270990034E6DB /* HomeViewModel.swift */ = {isa = PBXFileReference; fileEncoding = 4; lastKnownFileType = sourcecode.swift; path = HomeViewModel.swift; sourceTree = "<group>"; };
		C80285371FE270990034E6DB /* BaseViewModel.swift */ = {isa = PBXFileReference; fileEncoding = 4; lastKnownFileType = sourcecode.swift; path = BaseViewModel.swift; sourceTree = "<group>"; };
		C80285381FE270990034E6DB /* ProvinceViewModel.swift */ = {isa = PBXFileReference; fileEncoding = 4; lastKnownFileType = sourcecode.swift; path = ProvinceViewModel.swift; sourceTree = "<group>"; };
		C80285851FE271520034E6DB /* Assets.xcassets */ = {isa = PBXFileReference; lastKnownFileType = folder.assetcatalog; path = Assets.xcassets; sourceTree = "<group>"; };
		C80285881FE271B30034E6DB /* Base */ = {isa = PBXFileReference; lastKnownFileType = file.storyboard; name = Base; path = Base.lproj/Main.storyboard; sourceTree = "<group>"; };
		C802858A1FE271B30034E6DB /* Base */ = {isa = PBXFileReference; lastKnownFileType = file.storyboard; name = Base; path = Base.lproj/LaunchScreen.storyboard; sourceTree = "<group>"; };
		C802858E1FE271CC0034E6DB /* en */ = {isa = PBXFileReference; lastKnownFileType = text.plist.strings; name = en; path = en.lproj/LaunchScreen.strings; sourceTree = "<group>"; };
		C80285901FE271D60034E6DB /* zh-Hans */ = {isa = PBXFileReference; lastKnownFileType = text.plist.strings; name = "zh-Hans"; path = "zh-Hans.lproj/LaunchScreen.strings"; sourceTree = "<group>"; };
		C80285921FE271DD0034E6DB /* en */ = {isa = PBXFileReference; lastKnownFileType = text.plist.strings; name = en; path = en.lproj/Main.strings; sourceTree = "<group>"; };
		C80285941FE271DF0034E6DB /* zh-Hans */ = {isa = PBXFileReference; lastKnownFileType = text.plist.strings; name = "zh-Hans"; path = "zh-Hans.lproj/Main.strings"; sourceTree = "<group>"; };
		C802859F1FE273050034E6DB /* en */ = {isa = PBXFileReference; lastKnownFileType = text.plist.strings; name = en; path = en.lproj/Localizable.strings; sourceTree = "<group>"; };
		C80285A11FE273070034E6DB /* zh-Hans */ = {isa = PBXFileReference; lastKnownFileType = text.plist.strings; name = "zh-Hans"; path = "zh-Hans.lproj/Localizable.strings"; sourceTree = "<group>"; };
		C82A7A571FE7A63F00EF2C52 /* MicrophoneView.swift */ = {isa = PBXFileReference; lastKnownFileType = sourcecode.swift; path = MicrophoneView.swift; sourceTree = "<group>"; };
		C82A7A5A1FE7A7C100EF2C52 /* lorem.txt */ = {isa = PBXFileReference; fileEncoding = 4; lastKnownFileType = text; path = lorem.txt; sourceTree = "<group>"; };
		C89EA2051FE27CAA004BD080 /* Info.plist */ = {isa = PBXFileReference; lastKnownFileType = text.plist.xml; path = Info.plist; sourceTree = "<group>"; };
		C89EA20A1FE27CF8004BD080 /* en */ = {isa = PBXFileReference; lastKnownFileType = text.plist.strings; name = en; path = en.lproj/InfoPlist.strings; sourceTree = "<group>"; };
		C89EA20C1FE27CFB004BD080 /* zh-Hans */ = {isa = PBXFileReference; lastKnownFileType = text.plist.strings; name = "zh-Hans"; path = "zh-Hans.lproj/InfoPlist.strings"; sourceTree = "<group>"; };
		C8B40C2F1FE3C6FA00229171 /* PublishArticleController.swift */ = {isa = PBXFileReference; lastKnownFileType = sourcecode.swift; path = PublishArticleController.swift; sourceTree = "<group>"; };
		C8C4E4B01FE90D44009B0B1C /* Illustration.swift */ = {isa = PBXFileReference; lastKnownFileType = sourcecode.swift; path = Illustration.swift; sourceTree = "<group>"; };
		DEE625F5CA1F0EDA4D3C5EC5 /* Pods_SwiftMVVM.framework */ = {isa = PBXFileReference; explicitFileType = wrapper.framework; includeInIndex = 0; path = Pods_SwiftMVVM.framework; sourceTree = BUILT_PRODUCTS_DIR; };
/* End PBXFileReference section */

/* Begin PBXFrameworksBuildPhase section */
		C80284801FE26C140034E6DB /* Frameworks */ = {
			isa = PBXFrameworksBuildPhase;
			buildActionMask = 2147483647;
			files = (
				D56C8EF2AEC761C16667A41F /* Pods_SwiftMVVM.framework in Frameworks */,
			);
			runOnlyForDeploymentPostprocessing = 0;
		};
		C80284941FE26C150034E6DB /* Frameworks */ = {
			isa = PBXFrameworksBuildPhase;
			buildActionMask = 2147483647;
			files = (
			);
			runOnlyForDeploymentPostprocessing = 0;
		};
		C802849F1FE26C150034E6DB /* Frameworks */ = {
			isa = PBXFrameworksBuildPhase;
			buildActionMask = 2147483647;
			files = (
			);
			runOnlyForDeploymentPostprocessing = 0;
		};
/* End PBXFrameworksBuildPhase section */

/* Begin PBXGroup section */
		41CB7265312F81B76C2A5909 /* Pods */ = {
			isa = PBXGroup;
			children = (
				86876A239E5795A81EC62B98 /* Pods-SwiftMVVM.debug.xcconfig */,
				6D8E7FF140DBF47494494AFB /* Pods-SwiftMVVM.release.xcconfig */,
			);
			name = Pods;
			sourceTree = "<group>";
		};
		89F37B9A1E9D26EBD7CF8AAD /* Frameworks */ = {
			isa = PBXGroup;
			children = (
				DEE625F5CA1F0EDA4D3C5EC5 /* Pods_SwiftMVVM.framework */,
			);
			name = Frameworks;
			sourceTree = "<group>";
		};
		C802847A1FE26C140034E6DB = {
			isa = PBXGroup;
			children = (
				C80284851FE26C140034E6DB /* SwiftMVVM */,
				C802849A1FE26C150034E6DB /* SwiftMVVMTests */,
				C80284A51FE26C150034E6DB /* SwiftMVVMUITests */,
				C80284841FE26C140034E6DB /* Products */,
				41CB7265312F81B76C2A5909 /* Pods */,
				89F37B9A1E9D26EBD7CF8AAD /* Frameworks */,
			);
			sourceTree = "<group>";
		};
		C80284841FE26C140034E6DB /* Products */ = {
			isa = PBXGroup;
			children = (
				C80284831FE26C140034E6DB /* SwiftMVVM.app */,
				C80284971FE26C150034E6DB /* SwiftMVVMTests.xctest */,
				C80284A21FE26C150034E6DB /* SwiftMVVMUITests.xctest */,
			);
			name = Products;
			sourceTree = "<group>";
		};
		C80284851FE26C140034E6DB /* SwiftMVVM */ = {
			isa = PBXGroup;
			children = (
				C80284BA1FE26EFF0034E6DB /* RunScript */,
				C80284D41FE270980034E6DB /* Controllers */,
				C80284F11FE270980034E6DB /* Models */,
				C80284B51FE26EA90034E6DB /* Resources */,
				C80284FF1FE270990034E6DB /* RunScript */,
				C80285011FE270990034E6DB /* Utils */,
				C80285341FE270990034E6DB /* ViewModels */,
				C80284E61FE270980034E6DB /* Views */,
				C80284861FE26C150034E6DB /* AppDelegate.swift */,
				C80284881FE26C150034E6DB /* ViewController.swift */,
				C89EA2051FE27CAA004BD080 /* Info.plist */,
			);
			path = SwiftMVVM;
			sourceTree = "<group>";
		};
		C802849A1FE26C150034E6DB /* SwiftMVVMTests */ = {
			isa = PBXGroup;
			children = (
				C802849B1FE26C150034E6DB /* SwiftMVVMTests.swift */,
				C802849D1FE26C150034E6DB /* Info.plist */,
			);
			path = SwiftMVVMTests;
			sourceTree = "<group>";
		};
		C80284A51FE26C150034E6DB /* SwiftMVVMUITests */ = {
			isa = PBXGroup;
			children = (
				C80284A61FE26C150034E6DB /* SwiftMVVMUITests.swift */,
				C80284A81FE26C150034E6DB /* Info.plist */,
			);
			path = SwiftMVVMUITests;
			sourceTree = "<group>";
		};
		C80284B51FE26EA90034E6DB /* Resources */ = {
			isa = PBXGroup;
			children = (
				C82A7A591FE7A7AB00EF2C52 /* Document */,
				C80285951FE272770034E6DB /* Localizable */,
				C80285851FE271520034E6DB /* Assets.xcassets */,
				C80284B61FE26EA90034E6DB /* Interface */,
			);
			path = Resources;
			sourceTree = "<group>";
		};
		C80284B61FE26EA90034E6DB /* Interface */ = {
			isa = PBXGroup;
			children = (
				C80285891FE271B30034E6DB /* LaunchScreen.storyboard */,
				C80285871FE271B30034E6DB /* Main.storyboard */,
			);
			path = Interface;
			sourceTree = "<group>";
		};
		C80284BA1FE26EFF0034E6DB /* RunScript */ = {
			isa = PBXGroup;
			children = (
				C80284BB1FE26EFF0034E6DB /* AutoGenStrings.py */,
			);
			path = RunScript;
			sourceTree = "<group>";
		};
		C80284D41FE270980034E6DB /* Controllers */ = {
			isa = PBXGroup;
			children = (
				C8B40C2E1FE3C69100229171 /* Article */,
				C80284D51FE270980034E6DB /* Home */,
				C80284D71FE270980034E6DB /* User */,
				C80284DE1FE270980034E6DB /* PlaceHolder */,
				C80284E11FE270980034E6DB /* Base */,
			);
			path = Controllers;
			sourceTree = "<group>";
		};
		C80284D51FE270980034E6DB /* Home */ = {
			isa = PBXGroup;
			children = (
				C80284D61FE270980034E6DB /* HomeController.swift */,
			);
			path = Home;
			sourceTree = "<group>";
		};
		C80284D71FE270980034E6DB /* User */ = {
			isa = PBXGroup;
			children = (
				C80284D81FE270980034E6DB /* SignInOneController.swift */,
				C80284D91FE270980034E6DB /* SignInTwoController.swift */,
				C80284DA1FE270980034E6DB /* LoginController.swift */,
				C80284DB1FE270980034E6DB /* ResetPassWordController.swift */,
				C80284DC1FE270980034E6DB /* UserCenterController.swift */,
				C80284DD1FE270980034E6DB /* SetPasswordController.swift */,
			);
			path = User;
			sourceTree = "<group>";
		};
		C80284DE1FE270980034E6DB /* PlaceHolder */ = {
			isa = PBXGroup;
			children = (
				C80284DF1FE270980034E6DB /* PopoverController.swift */,
				C80284E01FE270980034E6DB /* PlaceHolderViewController.swift */,
			);
			path = PlaceHolder;
			sourceTree = "<group>";
		};
		C80284E11FE270980034E6DB /* Base */ = {
			isa = PBXGroup;
			children = (
				C80284E21FE270980034E6DB /* HideTopNavBarController.swift */,
				C80284E31FE270980034E6DB /* HideNavConfigure.plist */,
				C80284E41FE270980034E6DB /* NormalNavBarController.swift */,
				C80284E51FE270980034E6DB /* MainTabBarController.swift */,
			);
			path = Base;
			sourceTree = "<group>";
		};
		C80284E61FE270980034E6DB /* Views */ = {
			isa = PBXGroup;
			children = (
				C80284E71FE270980034E6DB /* Extension */,
				C80284EC1FE270980034E6DB /* Normal */,
				C80284EE1FE270980034E6DB /* Custom */,
			);
			path = Views;
			sourceTree = "<group>";
		};
		C80284E71FE270980034E6DB /* Extension */ = {
			isa = PBXGroup;
			children = (
				C80284E81FE270980034E6DB /* NavigationBarSpaceFixed */,
			);
			path = Extension;
			sourceTree = "<group>";
		};
		C80284E81FE270980034E6DB /* NavigationBarSpaceFixed */ = {
			isa = PBXGroup;
			children = (
				C80284E91FE270980034E6DB /* UIBarButtonItemFixSpace.swift */,
				C80284EA1FE270980034E6DB /* UIBarButtonItemExtension.swift */,
				C80284EB1FE270980034E6DB /* DispatchQueueExtension.swift */,
			);
			path = NavigationBarSpaceFixed;
			sourceTree = "<group>";
		};
		C80284EC1FE270980034E6DB /* Normal */ = {
			isa = PBXGroup;
			children = (
				C80284ED1FE270980034E6DB /* LaunchedTransitionView.swift */,
				C82A7A571FE7A63F00EF2C52 /* MicrophoneView.swift */,
				C8C4E4B01FE90D44009B0B1C /* Illustration.swift */,
			);
			path = Normal;
			sourceTree = "<group>";
		};
		C80284EE1FE270980034E6DB /* Custom */ = {
			isa = PBXGroup;
			children = (
				C80284EF1FE270980034E6DB /* AHTabBar.swift */,
				C80284F01FE270980034E6DB /* PlaceHolderNavBar.swift */,
			);
			path = Custom;
			sourceTree = "<group>";
		};
		C80284F11FE270980034E6DB /* Models */ = {
			isa = PBXGroup;
			children = (
				C80284F21FE270980034E6DB /* Entity */,
				C80284FA1FE270980034E6DB /* Api */,
			);
			path = Models;
			sourceTree = "<group>";
		};
		C80284F21FE270980034E6DB /* Entity */ = {
			isa = PBXGroup;
			children = (
				C80284F31FE270980034E6DB /* Test.swift */,
				C80284F41FE270980034E6DB /* City.swift */,
				C80284F51FE270980034E6DB /* User.swift */,
				C80284F61FE270980034E6DB /* File.swift */,
				C80284F71FE270980034E6DB /* Country.swift */,
				C80284F81FE270980034E6DB /* Province.swift */,
				C80284F91FE270980034E6DB /* Fuck.swift */,
			);
			path = Entity;
			sourceTree = "<group>";
		};
		C80284FA1FE270980034E6DB /* Api */ = {
			isa = PBXGroup;
			children = (
				C80284FB1FE270980034E6DB /* UserApi.swift */,
				C80284FC1FE270980034E6DB /* TestApi.swift */,
				C80284FD1FE270980034E6DB /* ProvinceApi.swift */,
				C80284FE1FE270980034E6DB /* NewsApi.swift */,
			);
			path = Api;
			sourceTree = "<group>";
		};
		C80284FF1FE270990034E6DB /* RunScript */ = {
			isa = PBXGroup;
			children = (
				C80285001FE270990034E6DB /* AutoGenStrings.py */,
			);
			path = RunScript;
			sourceTree = "<group>";
		};
		C80285011FE270990034E6DB /* Utils */ = {
			isa = PBXGroup;
			children = (
				C80285021FE270990034E6DB /* Extension */,
				C802850E1FE270990034E6DB /* Configure */,
				C80285111FE270990034E6DB /* Custom */,
			);
			path = Utils;
			sourceTree = "<group>";
		};
		C80285021FE270990034E6DB /* Extension */ = {
			isa = PBXGroup;
			children = (
				C80285031FE270990034E6DB /* UIColorExtension.swift */,
				C80285041FE270990034E6DB /* NSObjectExtension.swift */,
				C80285051FE270990034E6DB /* NotificationCenterExtension.swift */,
				C80285061FE270990034E6DB /* UIApplicationExtension.swift */,
				C80285071FE270990034E6DB /* NSUserDefaultsExtension.swift */,
				C80285081FE270990034E6DB /* UIViewControllerExtension.swift */,
				C80285091FE270990034E6DB /* UIStoryboardExtension.swift */,
				C802850A1FE270990034E6DB /* UIViewExtension.swift */,
				C802850B1FE270990034E6DB /* StringExtension.swift */,
				C802850C1FE270990034E6DB /* UIImageExtension.swift */,
				C802850D1FE270990034E6DB /* FoundationExtension.swift */,
			);
			path = Extension;
			sourceTree = "<group>";
		};
		C802850E1FE270990034E6DB /* Configure */ = {
			isa = PBXGroup;
			children = (
				C802850F1FE270990034E6DB /* Predefine.swift */,
				C80285101FE270990034E6DB /* SwiftMVVM-Bridging-Header.h */,
			);
			path = Configure;
			sourceTree = "<group>";
		};
		C80285111FE270990034E6DB /* Custom */ = {
			isa = PBXGroup;
			children = (
				C80285121FE270990034E6DB /* Managers */,
				C80285231FE270990034E6DB /* UITools */,
			);
			path = Custom;
			sourceTree = "<group>";
		};
		C80285121FE270990034E6DB /* Managers */ = {
			isa = PBXGroup;
			children = (
				C80285131FE270990034E6DB /* NetWorkManager */,
				C80285191FE270990034E6DB /* CacheManager.swift */,
				C802851A1FE270990034E6DB /* AppManager.swift */,
				C802851B1FE270990034E6DB /* DateTools.swift */,
				C802851C1FE270990034E6DB /* ThemeManager.swift */,
				C802851D1FE270990034E6DB /* FileManager */,
				C802851F1FE270990034E6DB /* LocationManager.swift */,
				C80285201FE270990034E6DB /* DBManager */,
			);
			path = Managers;
			sourceTree = "<group>";
		};
		C80285131FE270990034E6DB /* NetWorkManager */ = {
			isa = PBXGroup;
			children = (
				C80285141FE270990034E6DB /* NetworkType.swift */,
				C80285151FE270990034E6DB /* NetworkManager.swift */,
				C80285161FE270990034E6DB /* Request.swift */,
				C80285171FE270990034E6DB /* HTTPProvider.swift */,
				C80285181FE270990034E6DB /* NetworkConfiguration.swift */,
			);
			path = NetWorkManager;
			sourceTree = "<group>";
		};
		C802851D1FE270990034E6DB /* FileManager */ = {
			isa = PBXGroup;
			children = (
				C802851E1FE270990034E6DB /* FileTool.swift */,
			);
			path = FileManager;
			sourceTree = "<group>";
		};
		C80285201FE270990034E6DB /* DBManager */ = {
			isa = PBXGroup;
			children = (
				C80285211FE270990034E6DB /* DBModel.swift */,
				C80285221FE270990034E6DB /* DataBaseManager.swift */,
			);
			path = DBManager;
			sourceTree = "<group>";
		};
		C80285231FE270990034E6DB /* UITools */ = {
			isa = PBXGroup;
			children = (
				C80285241FE270990034E6DB /* AutoProgressHUD */,
				C80285261FE270990034E6DB /* WebView */,
				C80285331FE270990034E6DB /* GlobalUIManager.swift */,
			);
			path = UITools;
			sourceTree = "<group>";
		};
		C80285241FE270990034E6DB /* AutoProgressHUD */ = {
			isa = PBXGroup;
			children = (
				C80285251FE270990034E6DB /* AutoProgressHUD.swift */,
			);
			path = AutoProgressHUD;
			sourceTree = "<group>";
		};
		C80285261FE270990034E6DB /* WebView */ = {
			isa = PBXGroup;
			children = (
				C80285271FE270990034E6DB /* Classes */,
				C802852C1FE270990034E6DB /* Resource */,
			);
			path = WebView;
			sourceTree = "<group>";
		};
		C80285271FE270990034E6DB /* Classes */ = {
			isa = PBXGroup;
			children = (
				C80285281FE270990034E6DB /* WKWebViewController.swift */,
				C80285291FE270990034E6DB /* WebViewController.swift */,
				C802852A1FE270990034E6DB /* WebUtils.swift */,
				C802852B1FE270990034E6DB /* UIWebViewController.swift */,
			);
			path = Classes;
			sourceTree = "<group>";
		};
		C802852C1FE270990034E6DB /* Resource */ = {
			isa = PBXGroup;
			children = (
				C802852D1FE270990034E6DB /* holder.png */,
				C802852E1FE270990034E6DB /* lazyload.html */,
				C802852F1FE270990034E6DB /* app.css */,
				C80285301FE270990034E6DB /* test.html */,
				C80285311FE270990034E6DB /* jquery-2.2.0.js */,
				C80285321FE270990034E6DB /* jquery.lazyload.js */,
			);
			path = Resource;
			sourceTree = "<group>";
		};
		C80285341FE270990034E6DB /* ViewModels */ = {
			isa = PBXGroup;
			children = (
				C80285351FE270990034E6DB /* UserViewModel.swift */,
				C80285361FE270990034E6DB /* HomeViewModel.swift */,
				C80285371FE270990034E6DB /* BaseViewModel.swift */,
				C80285381FE270990034E6DB /* ProvinceViewModel.swift */,
			);
			path = ViewModels;
			sourceTree = "<group>";
		};
		C80285951FE272770034E6DB /* Localizable */ = {
			isa = PBXGroup;
			children = (
				C80285A01FE273050034E6DB /* Localizable.strings */,
				C89EA20B1FE27CF8004BD080 /* InfoPlist.strings */,
			);
			path = Localizable;
			sourceTree = "<group>";
		};
		C82A7A591FE7A7AB00EF2C52 /* Document */ = {
			isa = PBXGroup;
			children = (
				C82A7A5A1FE7A7C100EF2C52 /* lorem.txt */,
			);
			path = Document;
			sourceTree = "<group>";
		};
		C8B40C2E1FE3C69100229171 /* Article */ = {
			isa = PBXGroup;
			children = (
				C8B40C2F1FE3C6FA00229171 /* PublishArticleController.swift */,
			);
			path = Article;
			sourceTree = "<group>";
		};
/* End PBXGroup section */

/* Begin PBXNativeTarget section */
		C80284821FE26C140034E6DB /* SwiftMVVM */ = {
			isa = PBXNativeTarget;
			buildConfigurationList = C80284AB1FE26C150034E6DB /* Build configuration list for PBXNativeTarget "SwiftMVVM" */;
			buildPhases = (
				EFB1AC62799A080DEFC03641 /* [CP] Check Pods Manifest.lock */,
				C802847F1FE26C140034E6DB /* Sources */,
				C80284801FE26C140034E6DB /* Frameworks */,
				C80284811FE26C140034E6DB /* Resources */,
				C80284B41FE26CF30034E6DB /* ShellScript */,
				6D95DFCB487B2B5EDFD91792 /* [CP] Embed Pods Frameworks */,
			);
			buildRules = (
			);
			dependencies = (
			);
			name = SwiftMVVM;
			productName = SwiftMVVM;
			productReference = C80284831FE26C140034E6DB /* SwiftMVVM.app */;
			productType = "com.apple.product-type.application";
		};
		C80284961FE26C150034E6DB /* SwiftMVVMTests */ = {
			isa = PBXNativeTarget;
			buildConfigurationList = C80284AE1FE26C150034E6DB /* Build configuration list for PBXNativeTarget "SwiftMVVMTests" */;
			buildPhases = (
				C80284931FE26C150034E6DB /* Sources */,
				C80284941FE26C150034E6DB /* Frameworks */,
				C80284951FE26C150034E6DB /* Resources */,
			);
			buildRules = (
			);
			dependencies = (
				C80284991FE26C150034E6DB /* PBXTargetDependency */,
			);
			name = SwiftMVVMTests;
			productName = SwiftMVVMTests;
			productReference = C80284971FE26C150034E6DB /* SwiftMVVMTests.xctest */;
			productType = "com.apple.product-type.bundle.unit-test";
		};
		C80284A11FE26C150034E6DB /* SwiftMVVMUITests */ = {
			isa = PBXNativeTarget;
			buildConfigurationList = C80284B11FE26C150034E6DB /* Build configuration list for PBXNativeTarget "SwiftMVVMUITests" */;
			buildPhases = (
				C802849E1FE26C150034E6DB /* Sources */,
				C802849F1FE26C150034E6DB /* Frameworks */,
				C80284A01FE26C150034E6DB /* Resources */,
			);
			buildRules = (
			);
			dependencies = (
				C80284A41FE26C150034E6DB /* PBXTargetDependency */,
			);
			name = SwiftMVVMUITests;
			productName = SwiftMVVMUITests;
			productReference = C80284A21FE26C150034E6DB /* SwiftMVVMUITests.xctest */;
			productType = "com.apple.product-type.bundle.ui-testing";
		};
/* End PBXNativeTarget section */

/* Begin PBXProject section */
		C802847B1FE26C140034E6DB /* Project object */ = {
			isa = PBXProject;
			attributes = {
				LastSwiftUpdateCheck = 0920;
				LastUpgradeCheck = 1000;
				ORGANIZATIONNAME = Dylan.Lee;
				TargetAttributes = {
					C80284821FE26C140034E6DB = {
						CreatedOnToolsVersion = 9.2;
						LastSwiftMigration = 1000;
						ProvisioningStyle = Automatic;
					};
					C80284961FE26C150034E6DB = {
						CreatedOnToolsVersion = 9.2;
						LastSwiftMigration = 1000;
						ProvisioningStyle = Automatic;
						TestTargetID = C80284821FE26C140034E6DB;
					};
					C80284A11FE26C150034E6DB = {
						CreatedOnToolsVersion = 9.2;
						LastSwiftMigration = 1000;
						ProvisioningStyle = Automatic;
						TestTargetID = C80284821FE26C140034E6DB;
					};
				};
			};
			buildConfigurationList = C802847E1FE26C140034E6DB /* Build configuration list for PBXProject "SwiftMVVM" */;
			compatibilityVersion = "Xcode 8.0";
			developmentRegion = en;
			hasScannedForEncodings = 0;
			knownRegions = (
				en,
				Base,
				"zh-Hans",
			);
			mainGroup = C802847A1FE26C140034E6DB;
			productRefGroup = C80284841FE26C140034E6DB /* Products */;
			projectDirPath = "";
			projectRoot = "";
			targets = (
				C80284821FE26C140034E6DB /* SwiftMVVM */,
				C80284961FE26C150034E6DB /* SwiftMVVMTests */,
				C80284A11FE26C150034E6DB /* SwiftMVVMUITests */,
			);
		};
/* End PBXProject section */

/* Begin PBXResourcesBuildPhase section */
		C80284811FE26C140034E6DB /* Resources */ = {
			isa = PBXResourcesBuildPhase;
			buildActionMask = 2147483647;
			files = (
				C802857D1FE270990034E6DB /* test.html in Resources */,
				C802857B1FE270990034E6DB /* lazyload.html in Resources */,
				C80284BC1FE26F000034E6DB /* AutoGenStrings.py in Resources */,
				C802859E1FE273050034E6DB /* Localizable.strings in Resources */,
				C89EA2091FE27CF8004BD080 /* InfoPlist.strings in Resources */,
				C802857E1FE270990034E6DB /* jquery-2.2.0.js in Resources */,
				C82A7A5B1FE7A7C100EF2C52 /* lorem.txt in Resources */,
				C802857A1FE270990034E6DB /* holder.png in Resources */,
				C802858B1FE271B30034E6DB /* Main.storyboard in Resources */,
				C80285471FE270990034E6DB /* HideNavConfigure.plist in Resources */,
				C802857F1FE270990034E6DB /* jquery.lazyload.js in Resources */,
				C802857C1FE270990034E6DB /* app.css in Resources */,
				C802858C1FE271B30034E6DB /* LaunchScreen.storyboard in Resources */,
				C80285861FE271520034E6DB /* Assets.xcassets in Resources */,
			);
			runOnlyForDeploymentPostprocessing = 0;
		};
		C80284951FE26C150034E6DB /* Resources */ = {
			isa = PBXResourcesBuildPhase;
			buildActionMask = 2147483647;
			files = (
			);
			runOnlyForDeploymentPostprocessing = 0;
		};
		C80284A01FE26C150034E6DB /* Resources */ = {
			isa = PBXResourcesBuildPhase;
			buildActionMask = 2147483647;
			files = (
			);
			runOnlyForDeploymentPostprocessing = 0;
		};
/* End PBXResourcesBuildPhase section */

/* Begin PBXShellScriptBuildPhase section */
		6D95DFCB487B2B5EDFD91792 /* [CP] Embed Pods Frameworks */ = {
			isa = PBXShellScriptBuildPhase;
			buildActionMask = 2147483647;
			files = (
			);
			inputPaths = (
				"${SRCROOT}/Pods/Target Support Files/Pods-SwiftMVVM/Pods-SwiftMVVM-frameworks.sh",
				"${BUILT_PRODUCTS_DIR}/Alamofire/Alamofire.framework",
				"${BUILT_PRODUCTS_DIR}/Kingfisher/Kingfisher.framework",
				"${BUILT_PRODUCTS_DIR}/MBProgressHUD/MBProgressHUD.framework",
				"${BUILT_PRODUCTS_DIR}/Realm/Realm.framework",
				"${BUILT_PRODUCTS_DIR}/RealmSwift/RealmSwift.framework",
				"${BUILT_PRODUCTS_DIR}/SnapKit/SnapKit.framework",
				"${BUILT_PRODUCTS_DIR}/SwiftyBeaver/SwiftyBeaver.framework",
				"${BUILT_PRODUCTS_DIR}/SwiftyJSON/SwiftyJSON.framework",
				"${BUILT_PRODUCTS_DIR}/YYText/YYText.framework",
			);
			name = "[CP] Embed Pods Frameworks";
			outputPaths = (
				"${TARGET_BUILD_DIR}/${FRAMEWORKS_FOLDER_PATH}/Alamofire.framework",
				"${TARGET_BUILD_DIR}/${FRAMEWORKS_FOLDER_PATH}/Kingfisher.framework",
				"${TARGET_BUILD_DIR}/${FRAMEWORKS_FOLDER_PATH}/MBProgressHUD.framework",
				"${TARGET_BUILD_DIR}/${FRAMEWORKS_FOLDER_PATH}/Realm.framework",
				"${TARGET_BUILD_DIR}/${FRAMEWORKS_FOLDER_PATH}/RealmSwift.framework",
				"${TARGET_BUILD_DIR}/${FRAMEWORKS_FOLDER_PATH}/SnapKit.framework",
				"${TARGET_BUILD_DIR}/${FRAMEWORKS_FOLDER_PATH}/SwiftyBeaver.framework",
				"${TARGET_BUILD_DIR}/${FRAMEWORKS_FOLDER_PATH}/SwiftyJSON.framework",
				"${TARGET_BUILD_DIR}/${FRAMEWORKS_FOLDER_PATH}/YYText.framework",
			);
			runOnlyForDeploymentPostprocessing = 0;
			shellPath = /bin/sh;
			shellScript = "\"${SRCROOT}/Pods/Target Support Files/Pods-SwiftMVVM/Pods-SwiftMVVM-frameworks.sh\"\n";
			showEnvVarsInLog = 0;
		};
		C80284B41FE26CF30034E6DB /* ShellScript */ = {
			isa = PBXShellScriptBuildPhase;
			buildActionMask = 8;
			files = (
			);
			inputPaths = (
			);
			outputPaths = (
			);
			runOnlyForDeploymentPostprocessing = 1;
			shellPath = /bin/sh;
			shellScript = "python ${SRCROOT}/${TARGET_NAME}/RunScript/AutoGenStrings.py ${SRCROOT}/${TARGET_NAME}";
		};
		EFB1AC62799A080DEFC03641 /* [CP] Check Pods Manifest.lock */ = {
			isa = PBXShellScriptBuildPhase;
			buildActionMask = 2147483647;
			files = (
			);
			inputPaths = (
				"${PODS_PODFILE_DIR_PATH}/Podfile.lock",
				"${PODS_ROOT}/Manifest.lock",
			);
			name = "[CP] Check Pods Manifest.lock";
			outputPaths = (
				"$(DERIVED_FILE_DIR)/Pods-SwiftMVVM-checkManifestLockResult.txt",
			);
			runOnlyForDeploymentPostprocessing = 0;
			shellPath = /bin/sh;
			shellScript = "diff \"${PODS_PODFILE_DIR_PATH}/Podfile.lock\" \"${PODS_ROOT}/Manifest.lock\" > /dev/null\nif [ $? != 0 ] ; then\n    # print error to STDERR\n    echo \"error: The sandbox is not in sync with the Podfile.lock. Run 'pod install' or update your CocoaPods installation.\" >&2\n    exit 1\nfi\n# This output is used by Xcode 'outputs' to avoid re-running this script phase.\necho \"SUCCESS\" > \"${SCRIPT_OUTPUT_FILE_0}\"\n";
			showEnvVarsInLog = 0;
		};
/* End PBXShellScriptBuildPhase section */

/* Begin PBXSourcesBuildPhase section */
		C802847F1FE26C140034E6DB /* Sources */ = {
			isa = PBXSourcesBuildPhase;
			buildActionMask = 2147483647;
			files = (
				C802855A1FE270990034E6DB /* NewsApi.swift in Sources */,
				C802856E1FE270990034E6DB /* AppManager.swift in Sources */,
				C80285451FE270990034E6DB /* PlaceHolderViewController.swift in Sources */,
				C80285821FE270990034E6DB /* HomeViewModel.swift in Sources */,
				C8B40C301FE3C6FA00229171 /* PublishArticleController.swift in Sources */,
				C80285561FE270990034E6DB /* Fuck.swift in Sources */,
				C80285781FE270990034E6DB /* WebUtils.swift in Sources */,
				C80284891FE26C150034E6DB /* ViewController.swift in Sources */,
				C80285651FE270990034E6DB /* UIImageExtension.swift in Sources */,
				C80285431FE270990034E6DB /* SetPasswordController.swift in Sources */,
				C80285461FE270990034E6DB /* HideTopNavBarController.swift in Sources */,
				C80285791FE270990034E6DB /* UIWebViewController.swift in Sources */,
				C80285621FE270990034E6DB /* UIStoryboardExtension.swift in Sources */,
				C80285571FE270990034E6DB /* UserApi.swift in Sources */,
				C802854B1FE270990034E6DB /* UIBarButtonItemExtension.swift in Sources */,
				C802856B1FE270990034E6DB /* HTTPProvider.swift in Sources */,
				C80285771FE270990034E6DB /* WebViewController.swift in Sources */,
				C80285631FE270990034E6DB /* UIViewExtension.swift in Sources */,
				C802854C1FE270990034E6DB /* DispatchQueueExtension.swift in Sources */,
				C8C4E4B11FE90D45009B0B1C /* Illustration.swift in Sources */,
				C80285421FE270990034E6DB /* UserCenterController.swift in Sources */,
				C80285641FE270990034E6DB /* StringExtension.swift in Sources */,
				C802854A1FE270990034E6DB /* UIBarButtonItemFixSpace.swift in Sources */,
				C802855C1FE270990034E6DB /* UIColorExtension.swift in Sources */,
				C802855F1FE270990034E6DB /* UIApplicationExtension.swift in Sources */,
				C80285701FE270990034E6DB /* ThemeManager.swift in Sources */,
				C80285731FE270990034E6DB /* DBModel.swift in Sources */,
				C80285581FE270990034E6DB /* TestApi.swift in Sources */,
				C80285711FE270990034E6DB /* FileTool.swift in Sources */,
				C80285801FE270990034E6DB /* GlobalUIManager.swift in Sources */,
				C80285841FE270990034E6DB /* ProvinceViewModel.swift in Sources */,
				C80285541FE270990034E6DB /* Country.swift in Sources */,
				C80285591FE270990034E6DB /* ProvinceApi.swift in Sources */,
				C80285401FE270990034E6DB /* LoginController.swift in Sources */,
				C802854D1FE270990034E6DB /* LaunchedTransitionView.swift in Sources */,
				C82A7A581FE7A63F00EF2C52 /* MicrophoneView.swift in Sources */,
				C80285721FE270990034E6DB /* LocationManager.swift in Sources */,
				C802856C1FE270990034E6DB /* NetworkConfiguration.swift in Sources */,
				C802853F1FE270990034E6DB /* SignInTwoController.swift in Sources */,
				C802854F1FE270990034E6DB /* PlaceHolderNavBar.swift in Sources */,
				C80284871FE26C150034E6DB /* AppDelegate.swift in Sources */,
				C80285741FE270990034E6DB /* DataBaseManager.swift in Sources */,
				C802855E1FE270990034E6DB /* NotificationCenterExtension.swift in Sources */,
				C80285531FE270990034E6DB /* File.swift in Sources */,
				C80285691FE270990034E6DB /* NetworkManager.swift in Sources */,
				C80285751FE270990034E6DB /* AutoProgressHUD.swift in Sources */,
				C802853E1FE270990034E6DB /* SignInOneController.swift in Sources */,
				C80285681FE270990034E6DB /* NetworkType.swift in Sources */,
				C80285611FE270990034E6DB /* UIViewControllerExtension.swift in Sources */,
				C802856A1FE270990034E6DB /* Request.swift in Sources */,
				C80285831FE270990034E6DB /* BaseViewModel.swift in Sources */,
				C802856F1FE270990034E6DB /* DateTools.swift in Sources */,
				C802853D1FE270990034E6DB /* HomeController.swift in Sources */,
				C80285601FE270990034E6DB /* NSUserDefaultsExtension.swift in Sources */,
				C80285491FE270990034E6DB /* MainTabBarController.swift in Sources */,
				C80285411FE270990034E6DB /* ResetPassWordController.swift in Sources */,
				C802855D1FE270990034E6DB /* NSObjectExtension.swift in Sources */,
				C80285661FE270990034E6DB /* FoundationExtension.swift in Sources */,
				C80285501FE270990034E6DB /* Test.swift in Sources */,
				C80285511FE270990034E6DB /* City.swift in Sources */,
				C80285551FE270990034E6DB /* Province.swift in Sources */,
				C80285761FE270990034E6DB /* WKWebViewController.swift in Sources */,
				C802854E1FE270990034E6DB /* AHTabBar.swift in Sources */,
				C80285441FE270990034E6DB /* PopoverController.swift in Sources */,
				C80285481FE270990034E6DB /* NormalNavBarController.swift in Sources */,
				C80285521FE270990034E6DB /* User.swift in Sources */,
				C80285671FE270990034E6DB /* Predefine.swift in Sources */,
				C80285811FE270990034E6DB /* UserViewModel.swift in Sources */,
				C802856D1FE270990034E6DB /* CacheManager.swift in Sources */,
			);
			runOnlyForDeploymentPostprocessing = 0;
		};
		C80284931FE26C150034E6DB /* Sources */ = {
			isa = PBXSourcesBuildPhase;
			buildActionMask = 2147483647;
			files = (
				C802849C1FE26C150034E6DB /* SwiftMVVMTests.swift in Sources */,
			);
			runOnlyForDeploymentPostprocessing = 0;
		};
		C802849E1FE26C150034E6DB /* Sources */ = {
			isa = PBXSourcesBuildPhase;
			buildActionMask = 2147483647;
			files = (
				C80284A71FE26C150034E6DB /* SwiftMVVMUITests.swift in Sources */,
			);
			runOnlyForDeploymentPostprocessing = 0;
		};
/* End PBXSourcesBuildPhase section */

/* Begin PBXTargetDependency section */
		C80284991FE26C150034E6DB /* PBXTargetDependency */ = {
			isa = PBXTargetDependency;
			target = C80284821FE26C140034E6DB /* SwiftMVVM */;
			targetProxy = C80284981FE26C150034E6DB /* PBXContainerItemProxy */;
		};
		C80284A41FE26C150034E6DB /* PBXTargetDependency */ = {
			isa = PBXTargetDependency;
			target = C80284821FE26C140034E6DB /* SwiftMVVM */;
			targetProxy = C80284A31FE26C150034E6DB /* PBXContainerItemProxy */;
		};
/* End PBXTargetDependency section */

/* Begin PBXVariantGroup section */
		C80285871FE271B30034E6DB /* Main.storyboard */ = {
			isa = PBXVariantGroup;
			children = (
				C80285881FE271B30034E6DB /* Base */,
				C80285921FE271DD0034E6DB /* en */,
				C80285941FE271DF0034E6DB /* zh-Hans */,
			);
			name = Main.storyboard;
			sourceTree = "<group>";
		};
		C80285891FE271B30034E6DB /* LaunchScreen.storyboard */ = {
			isa = PBXVariantGroup;
			children = (
				C802858A1FE271B30034E6DB /* Base */,
				C802858E1FE271CC0034E6DB /* en */,
				C80285901FE271D60034E6DB /* zh-Hans */,
			);
			name = LaunchScreen.storyboard;
			sourceTree = "<group>";
		};
		C80285A01FE273050034E6DB /* Localizable.strings */ = {
			isa = PBXVariantGroup;
			children = (
				C802859F1FE273050034E6DB /* en */,
				C80285A11FE273070034E6DB /* zh-Hans */,
			);
			name = Localizable.strings;
			sourceTree = "<group>";
		};
		C89EA20B1FE27CF8004BD080 /* InfoPlist.strings */ = {
			isa = PBXVariantGroup;
			children = (
				C89EA20A1FE27CF8004BD080 /* en */,
				C89EA20C1FE27CFB004BD080 /* zh-Hans */,
			);
			name = InfoPlist.strings;
			sourceTree = "<group>";
		};
/* End PBXVariantGroup section */

/* Begin XCBuildConfiguration section */
		C80284A91FE26C150034E6DB /* Debug */ = {
			isa = XCBuildConfiguration;
			buildSettings = {
				ALWAYS_SEARCH_USER_PATHS = NO;
				CLANG_ANALYZER_LOCALIZABILITY_NONLOCALIZED = YES;
				CLANG_ANALYZER_NONNULL = YES;
				CLANG_ANALYZER_NUMBER_OBJECT_CONVERSION = YES_AGGRESSIVE;
				CLANG_CXX_LANGUAGE_STANDARD = "gnu++14";
				CLANG_CXX_LIBRARY = "libc++";
				CLANG_ENABLE_MODULES = YES;
				CLANG_ENABLE_OBJC_ARC = YES;
				CLANG_WARN_BLOCK_CAPTURE_AUTORELEASING = YES;
				CLANG_WARN_BOOL_CONVERSION = YES;
				CLANG_WARN_COMMA = YES;
				CLANG_WARN_CONSTANT_CONVERSION = YES;
				CLANG_WARN_DEPRECATED_OBJC_IMPLEMENTATIONS = YES;
				CLANG_WARN_DIRECT_OBJC_ISA_USAGE = YES_ERROR;
				CLANG_WARN_DOCUMENTATION_COMMENTS = YES;
				CLANG_WARN_EMPTY_BODY = YES;
				CLANG_WARN_ENUM_CONVERSION = YES;
				CLANG_WARN_INFINITE_RECURSION = YES;
				CLANG_WARN_INT_CONVERSION = YES;
				CLANG_WARN_NON_LITERAL_NULL_CONVERSION = YES;
				CLANG_WARN_OBJC_IMPLICIT_RETAIN_SELF = YES;
				CLANG_WARN_OBJC_LITERAL_CONVERSION = YES;
				CLANG_WARN_OBJC_ROOT_CLASS = YES_ERROR;
				CLANG_WARN_RANGE_LOOP_ANALYSIS = YES;
				CLANG_WARN_STRICT_PROTOTYPES = YES;
				CLANG_WARN_SUSPICIOUS_MOVE = YES;
				CLANG_WARN_UNGUARDED_AVAILABILITY = YES_AGGRESSIVE;
				CLANG_WARN_UNREACHABLE_CODE = YES;
				CLANG_WARN__DUPLICATE_METHOD_MATCH = YES;
				CODE_SIGN_IDENTITY = "iPhone Developer";
				COPY_PHASE_STRIP = NO;
				DEBUG_INFORMATION_FORMAT = dwarf;
				ENABLE_STRICT_OBJC_MSGSEND = YES;
				ENABLE_TESTABILITY = YES;
				GCC_C_LANGUAGE_STANDARD = gnu11;
				GCC_DYNAMIC_NO_PIC = NO;
				GCC_NO_COMMON_BLOCKS = YES;
				GCC_OPTIMIZATION_LEVEL = 0;
				GCC_PREPROCESSOR_DEFINITIONS = (
					"DEBUG=1",
					"$(inherited)",
				);
				GCC_WARN_64_TO_32_BIT_CONVERSION = YES;
				GCC_WARN_ABOUT_RETURN_TYPE = YES_ERROR;
				GCC_WARN_UNDECLARED_SELECTOR = YES;
				GCC_WARN_UNINITIALIZED_AUTOS = YES_AGGRESSIVE;
				GCC_WARN_UNUSED_FUNCTION = YES;
				GCC_WARN_UNUSED_VARIABLE = YES;
				IPHONEOS_DEPLOYMENT_TARGET = 11.2;
				MTL_ENABLE_DEBUG_INFO = YES;
				ONLY_ACTIVE_ARCH = YES;
				SDKROOT = iphoneos;
				SWIFT_ACTIVE_COMPILATION_CONDITIONS = DEBUG;
				SWIFT_OPTIMIZATION_LEVEL = "-Onone";
				SWIFT_VERSION = 3.0;
			};
			name = Debug;
		};
		C80284AA1FE26C150034E6DB /* Release */ = {
			isa = XCBuildConfiguration;
			buildSettings = {
				ALWAYS_SEARCH_USER_PATHS = NO;
				CLANG_ANALYZER_LOCALIZABILITY_NONLOCALIZED = YES;
				CLANG_ANALYZER_NONNULL = YES;
				CLANG_ANALYZER_NUMBER_OBJECT_CONVERSION = YES_AGGRESSIVE;
				CLANG_CXX_LANGUAGE_STANDARD = "gnu++14";
				CLANG_CXX_LIBRARY = "libc++";
				CLANG_ENABLE_MODULES = YES;
				CLANG_ENABLE_OBJC_ARC = YES;
				CLANG_WARN_BLOCK_CAPTURE_AUTORELEASING = YES;
				CLANG_WARN_BOOL_CONVERSION = YES;
				CLANG_WARN_COMMA = YES;
				CLANG_WARN_CONSTANT_CONVERSION = YES;
				CLANG_WARN_DEPRECATED_OBJC_IMPLEMENTATIONS = YES;
				CLANG_WARN_DIRECT_OBJC_ISA_USAGE = YES_ERROR;
				CLANG_WARN_DOCUMENTATION_COMMENTS = YES;
				CLANG_WARN_EMPTY_BODY = YES;
				CLANG_WARN_ENUM_CONVERSION = YES;
				CLANG_WARN_INFINITE_RECURSION = YES;
				CLANG_WARN_INT_CONVERSION = YES;
				CLANG_WARN_NON_LITERAL_NULL_CONVERSION = YES;
				CLANG_WARN_OBJC_IMPLICIT_RETAIN_SELF = YES;
				CLANG_WARN_OBJC_LITERAL_CONVERSION = YES;
				CLANG_WARN_OBJC_ROOT_CLASS = YES_ERROR;
				CLANG_WARN_RANGE_LOOP_ANALYSIS = YES;
				CLANG_WARN_STRICT_PROTOTYPES = YES;
				CLANG_WARN_SUSPICIOUS_MOVE = YES;
				CLANG_WARN_UNGUARDED_AVAILABILITY = YES_AGGRESSIVE;
				CLANG_WARN_UNREACHABLE_CODE = YES;
				CLANG_WARN__DUPLICATE_METHOD_MATCH = YES;
				CODE_SIGN_IDENTITY = "iPhone Developer";
				COPY_PHASE_STRIP = NO;
				DEBUG_INFORMATION_FORMAT = "dwarf-with-dsym";
				ENABLE_NS_ASSERTIONS = NO;
				ENABLE_STRICT_OBJC_MSGSEND = YES;
				GCC_C_LANGUAGE_STANDARD = gnu11;
				GCC_NO_COMMON_BLOCKS = YES;
				GCC_WARN_64_TO_32_BIT_CONVERSION = YES;
				GCC_WARN_ABOUT_RETURN_TYPE = YES_ERROR;
				GCC_WARN_UNDECLARED_SELECTOR = YES;
				GCC_WARN_UNINITIALIZED_AUTOS = YES_AGGRESSIVE;
				GCC_WARN_UNUSED_FUNCTION = YES;
				GCC_WARN_UNUSED_VARIABLE = YES;
				IPHONEOS_DEPLOYMENT_TARGET = 11.2;
				MTL_ENABLE_DEBUG_INFO = NO;
				SDKROOT = iphoneos;
				SWIFT_OPTIMIZATION_LEVEL = "-Owholemodule";
				SWIFT_VERSION = 3.0;
				VALIDATE_PRODUCT = YES;
			};
			name = Release;
		};
		C80284AC1FE26C150034E6DB /* Debug */ = {
			isa = XCBuildConfiguration;
			baseConfigurationReference = 86876A239E5795A81EC62B98 /* Pods-SwiftMVVM.debug.xcconfig */;
			buildSettings = {
				ASSETCATALOG_COMPILER_APPICON_NAME = AppIcon;
				"CODE_SIGN_IDENTITY[sdk=iphoneos*]" = "iPhone Developer";
				CODE_SIGN_STYLE = Automatic;
				DEPLOYMENT_LOCATION = NO;
				DEPLOYMENT_POSTPROCESSING = NO;
				DEVELOPMENT_TEAM = 68X5R2774N;
				INFOPLIST_FILE = SwiftMVVM/Info.plist;
				IPHONEOS_DEPLOYMENT_TARGET = 9.0;
				LD_RUNPATH_SEARCH_PATHS = "$(inherited) @executable_path/Frameworks";
				PRODUCT_BUNDLE_IDENTIFIER = com.autohome.mall.merchant.test;
				PRODUCT_NAME = "$(TARGET_NAME)";
				PROVISIONING_PROFILE_SPECIFIER = "";
				SWIFT_VERSION = 4.2;
				TARGETED_DEVICE_FAMILY = "1,2";
			};
			name = Debug;
		};
		C80284AD1FE26C150034E6DB /* Release */ = {
			isa = XCBuildConfiguration;
			baseConfigurationReference = 6D8E7FF140DBF47494494AFB /* Pods-SwiftMVVM.release.xcconfig */;
			buildSettings = {
				ASSETCATALOG_COMPILER_APPICON_NAME = AppIcon;
				"CODE_SIGN_IDENTITY[sdk=iphoneos*]" = "iPhone Developer";
				CODE_SIGN_STYLE = Automatic;
				DEPLOYMENT_LOCATION = NO;
				DEPLOYMENT_POSTPROCESSING = NO;
				DEVELOPMENT_TEAM = 68X5R2774N;
				INFOPLIST_FILE = SwiftMVVM/Info.plist;
				IPHONEOS_DEPLOYMENT_TARGET = 9.0;
				LD_RUNPATH_SEARCH_PATHS = "$(inherited) @executable_path/Frameworks";
				PRODUCT_BUNDLE_IDENTIFIER = com.autohome.mall.merchant.test;
				PRODUCT_NAME = "$(TARGET_NAME)";
				PROVISIONING_PROFILE_SPECIFIER = "";
				SWIFT_VERSION = 4.2;
				TARGETED_DEVICE_FAMILY = "1,2";
			};
			name = Release;
		};
		C80284AF1FE26C150034E6DB /* Debug */ = {
			isa = XCBuildConfiguration;
			buildSettings = {
				ALWAYS_EMBED_SWIFT_STANDARD_LIBRARIES = YES;
				BUNDLE_LOADER = "$(TEST_HOST)";
				CODE_SIGN_STYLE = Automatic;
				INFOPLIST_FILE = SwiftMVVMTests/Info.plist;
				LD_RUNPATH_SEARCH_PATHS = "$(inherited) @executable_path/Frameworks @loader_path/Frameworks";
				PRODUCT_BUNDLE_IDENTIFIER = com.dylan.SwiftMVVMTests;
				PRODUCT_NAME = "$(TARGET_NAME)";
				SWIFT_VERSION = 4.2;
				TARGETED_DEVICE_FAMILY = "1,2";
				TEST_HOST = "$(BUILT_PRODUCTS_DIR)/SwiftMVVM.app/SwiftMVVM";
			};
			name = Debug;
		};
		C80284B01FE26C150034E6DB /* Release */ = {
			isa = XCBuildConfiguration;
			buildSettings = {
				ALWAYS_EMBED_SWIFT_STANDARD_LIBRARIES = YES;
				BUNDLE_LOADER = "$(TEST_HOST)";
				CODE_SIGN_STYLE = Automatic;
				INFOPLIST_FILE = SwiftMVVMTests/Info.plist;
				LD_RUNPATH_SEARCH_PATHS = "$(inherited) @executable_path/Frameworks @loader_path/Frameworks";
				PRODUCT_BUNDLE_IDENTIFIER = com.dylan.SwiftMVVMTests;
				PRODUCT_NAME = "$(TARGET_NAME)";
				SWIFT_VERSION = 4.2;
				TARGETED_DEVICE_FAMILY = "1,2";
				TEST_HOST = "$(BUILT_PRODUCTS_DIR)/SwiftMVVM.app/SwiftMVVM";
			};
			name = Release;
		};
		C80284B21FE26C150034E6DB /* Debug */ = {
			isa = XCBuildConfiguration;
			buildSettings = {
				ALWAYS_EMBED_SWIFT_STANDARD_LIBRARIES = YES;
				CODE_SIGN_STYLE = Automatic;
				INFOPLIST_FILE = SwiftMVVMUITests/Info.plist;
				LD_RUNPATH_SEARCH_PATHS = "$(inherited) @executable_path/Frameworks @loader_path/Frameworks";
				PRODUCT_BUNDLE_IDENTIFIER = com.dylan.SwiftMVVMUITests;
				PRODUCT_NAME = "$(TARGET_NAME)";
				SWIFT_VERSION = 4.2;
				TARGETED_DEVICE_FAMILY = "1,2";
				TEST_TARGET_NAME = SwiftMVVM;
			};
			name = Debug;
		};
		C80284B31FE26C150034E6DB /* Release */ = {
			isa = XCBuildConfiguration;
			buildSettings = {
				ALWAYS_EMBED_SWIFT_STANDARD_LIBRARIES = YES;
				CODE_SIGN_STYLE = Automatic;
				INFOPLIST_FILE = SwiftMVVMUITests/Info.plist;
				LD_RUNPATH_SEARCH_PATHS = "$(inherited) @executable_path/Frameworks @loader_path/Frameworks";
				PRODUCT_BUNDLE_IDENTIFIER = com.dylan.SwiftMVVMUITests;
				PRODUCT_NAME = "$(TARGET_NAME)";
				SWIFT_VERSION = 4.2;
				TARGETED_DEVICE_FAMILY = "1,2";
				TEST_TARGET_NAME = SwiftMVVM;
			};
			name = Release;
		};
/* End XCBuildConfiguration section */

/* Begin XCConfigurationList section */
		C802847E1FE26C140034E6DB /* Build configuration list for PBXProject "SwiftMVVM" */ = {
			isa = XCConfigurationList;
			buildConfigurations = (
				C80284A91FE26C150034E6DB /* Debug */,
				C80284AA1FE26C150034E6DB /* Release */,
			);
			defaultConfigurationIsVisible = 0;
			defaultConfigurationName = Release;
		};
		C80284AB1FE26C150034E6DB /* Build configuration list for PBXNativeTarget "SwiftMVVM" */ = {
			isa = XCConfigurationList;
			buildConfigurations = (
				C80284AC1FE26C150034E6DB /* Debug */,
				C80284AD1FE26C150034E6DB /* Release */,
			);
			defaultConfigurationIsVisible = 0;
			defaultConfigurationName = Release;
		};
		C80284AE1FE26C150034E6DB /* Build configuration list for PBXNativeTarget "SwiftMVVMTests" */ = {
			isa = XCConfigurationList;
			buildConfigurations = (
				C80284AF1FE26C150034E6DB /* Debug */,
				C80284B01FE26C150034E6DB /* Release */,
			);
			defaultConfigurationIsVisible = 0;
			defaultConfigurationName = Release;
		};
		C80284B11FE26C150034E6DB /* Build configuration list for PBXNativeTarget "SwiftMVVMUITests" */ = {
			isa = XCConfigurationList;
			buildConfigurations = (
				C80284B21FE26C150034E6DB /* Debug */,
				C80284B31FE26C150034E6DB /* Release */,
			);
			defaultConfigurationIsVisible = 0;
			defaultConfigurationName = Release;
		};
/* End XCConfigurationList section */
	};
	rootObject = C802847B1FE26C140034E6DB /* Project object */;
}
