// !$*UTF8*$!
{
	archiveVersion = 1;
	classes = {
	};
	objectVersion = 48;
	objects = {

/* Begin PBXBuildFile section */
		AA91D43055002E33059F5049 /* Pods_SwiftMVVM.framework in Frameworks */ = {isa = PBXBuildFile; fileRef = 8CD2C967835BEEC8509B9779 /* Pods_SwiftMVVM.framework */; };
		C8AC235B1FC7F42500CF03BF /* SwiftMVVMTests.swift in Sources */ = {isa = PBXBuildFile; fileRef = C8AC235A1FC7F42500CF03BF /* SwiftMVVMTests.swift */; };
		C8AC23661FC7F42500CF03BF /* SwiftMVVMUITests.swift in Sources */ = {isa = PBXBuildFile; fileRef = C8AC23651FC7F42500CF03BF /* SwiftMVVMUITests.swift */; };
		C8AC23DE1FC7F4AC00CF03BF /* AppDelegate.swift in Sources */ = {isa = PBXBuildFile; fileRef = C8AC23741FC7F4AB00CF03BF /* AppDelegate.swift */; };
		C8AC23DF1FC7F4AC00CF03BF /* Test.swift in Sources */ = {isa = PBXBuildFile; fileRef = C8AC23771FC7F4AB00CF03BF /* Test.swift */; };
		C8AC23E01FC7F4AC00CF03BF /* City.swift in Sources */ = {isa = PBXBuildFile; fileRef = C8AC23781FC7F4AB00CF03BF /* City.swift */; };
		C8AC23E11FC7F4AC00CF03BF /* User.swift in Sources */ = {isa = PBXBuildFile; fileRef = C8AC23791FC7F4AB00CF03BF /* User.swift */; };
		C8AC23E21FC7F4AC00CF03BF /* File.swift in Sources */ = {isa = PBXBuildFile; fileRef = C8AC237A1FC7F4AB00CF03BF /* File.swift */; };
		C8AC23E31FC7F4AC00CF03BF /* Country.swift in Sources */ = {isa = PBXBuildFile; fileRef = C8AC237B1FC7F4AB00CF03BF /* Country.swift */; };
		C8AC23E41FC7F4AC00CF03BF /* Province.swift in Sources */ = {isa = PBXBuildFile; fileRef = C8AC237C1FC7F4AB00CF03BF /* Province.swift */; };
		C8AC23E51FC7F4AC00CF03BF /* Fuck.swift in Sources */ = {isa = PBXBuildFile; fileRef = C8AC237D1FC7F4AB00CF03BF /* Fuck.swift */; };
		C8AC23E61FC7F4AC00CF03BF /* UserApi.swift in Sources */ = {isa = PBXBuildFile; fileRef = C8AC237F1FC7F4AB00CF03BF /* UserApi.swift */; };
		C8AC23E71FC7F4AC00CF03BF /* TestApi.swift in Sources */ = {isa = PBXBuildFile; fileRef = C8AC23801FC7F4AB00CF03BF /* TestApi.swift */; };
		C8AC23E81FC7F4AC00CF03BF /* ProvinceApi.swift in Sources */ = {isa = PBXBuildFile; fileRef = C8AC23811FC7F4AB00CF03BF /* ProvinceApi.swift */; };
		C8AC23E91FC7F4AC00CF03BF /* NewsApi.swift in Sources */ = {isa = PBXBuildFile; fileRef = C8AC23821FC7F4AB00CF03BF /* NewsApi.swift */; };
		C8AC23EA1FC7F4AC00CF03BF /* UIColorExtension.swift in Sources */ = {isa = PBXBuildFile; fileRef = C8AC23851FC7F4AB00CF03BF /* UIColorExtension.swift */; };
		C8AC23EB1FC7F4AC00CF03BF /* NSObjectExtension.swift in Sources */ = {isa = PBXBuildFile; fileRef = C8AC23861FC7F4AB00CF03BF /* NSObjectExtension.swift */; };
		C8AC23EC1FC7F4AC00CF03BF /* NotifcationCenterExtension.swift in Sources */ = {isa = PBXBuildFile; fileRef = C8AC23871FC7F4AB00CF03BF /* NotifcationCenterExtension.swift */; };
		C8AC23ED1FC7F4AC00CF03BF /* UIApplicationExtension.swift in Sources */ = {isa = PBXBuildFile; fileRef = C8AC23881FC7F4AB00CF03BF /* UIApplicationExtension.swift */; };
		C8AC23EE1FC7F4AC00CF03BF /* NSUserDefaultsExtension.swift in Sources */ = {isa = PBXBuildFile; fileRef = C8AC23891FC7F4AB00CF03BF /* NSUserDefaultsExtension.swift */; };
		C8AC23EF1FC7F4AC00CF03BF /* UIViewControllerExtension.swift in Sources */ = {isa = PBXBuildFile; fileRef = C8AC238A1FC7F4AB00CF03BF /* UIViewControllerExtension.swift */; };
		C8AC23F01FC7F4AC00CF03BF /* UIStoryboardExtension.swift in Sources */ = {isa = PBXBuildFile; fileRef = C8AC238B1FC7F4AB00CF03BF /* UIStoryboardExtension.swift */; };
		C8AC23F11FC7F4AC00CF03BF /* UIViewExtension.swift in Sources */ = {isa = PBXBuildFile; fileRef = C8AC238C1FC7F4AB00CF03BF /* UIViewExtension.swift */; };
		C8AC23F21FC7F4AC00CF03BF /* StringExtension.swift in Sources */ = {isa = PBXBuildFile; fileRef = C8AC238D1FC7F4AB00CF03BF /* StringExtension.swift */; };
		C8AC23F31FC7F4AC00CF03BF /* UIImageExtension.swift in Sources */ = {isa = PBXBuildFile; fileRef = C8AC238E1FC7F4AB00CF03BF /* UIImageExtension.swift */; };
		C8AC23F41FC7F4AC00CF03BF /* FoundationExtension.swift in Sources */ = {isa = PBXBuildFile; fileRef = C8AC238F1FC7F4AB00CF03BF /* FoundationExtension.swift */; };
		C8AC23F51FC7F4AC00CF03BF /* Predefine.swift in Sources */ = {isa = PBXBuildFile; fileRef = C8AC23911FC7F4AB00CF03BF /* Predefine.swift */; };
		C8AC23F61FC7F4AC00CF03BF /* NetworkType.swift in Sources */ = {isa = PBXBuildFile; fileRef = C8AC23971FC7F4AB00CF03BF /* NetworkType.swift */; };
		C8AC23F71FC7F4AC00CF03BF /* NetworkManager.swift in Sources */ = {isa = PBXBuildFile; fileRef = C8AC23981FC7F4AB00CF03BF /* NetworkManager.swift */; };
		C8AC23F81FC7F4AC00CF03BF /* Request.swift in Sources */ = {isa = PBXBuildFile; fileRef = C8AC23991FC7F4AB00CF03BF /* Request.swift */; };
		C8AC23F91FC7F4AC00CF03BF /* HTTPProvider.swift in Sources */ = {isa = PBXBuildFile; fileRef = C8AC239A1FC7F4AB00CF03BF /* HTTPProvider.swift */; };
		C8AC23FA1FC7F4AC00CF03BF /* NetworkConfiguration.swift in Sources */ = {isa = PBXBuildFile; fileRef = C8AC239B1FC7F4AB00CF03BF /* NetworkConfiguration.swift */; };
		C8AC23FB1FC7F4AC00CF03BF /* CacheManager.swift in Sources */ = {isa = PBXBuildFile; fileRef = C8AC239C1FC7F4AB00CF03BF /* CacheManager.swift */; };
		C8AC23FC1FC7F4AC00CF03BF /* AppManager.swift in Sources */ = {isa = PBXBuildFile; fileRef = C8AC239D1FC7F4AB00CF03BF /* AppManager.swift */; };
		C8AC23FD1FC7F4AC00CF03BF /* DateTools.swift in Sources */ = {isa = PBXBuildFile; fileRef = C8AC239E1FC7F4AB00CF03BF /* DateTools.swift */; };
		C8AC23FE1FC7F4AC00CF03BF /* ThemeManager.swift in Sources */ = {isa = PBXBuildFile; fileRef = C8AC239F1FC7F4AB00CF03BF /* ThemeManager.swift */; };
		C8AC23FF1FC7F4AC00CF03BF /* FilesManager.swift in Sources */ = {isa = PBXBuildFile; fileRef = C8AC23A11FC7F4AB00CF03BF /* FilesManager.swift */; };
		C8AC24001FC7F4AC00CF03BF /* LocationManager.swift in Sources */ = {isa = PBXBuildFile; fileRef = C8AC23A21FC7F4AB00CF03BF /* LocationManager.swift */; };
		C8AC24011FC7F4AC00CF03BF /* DBModel.swift in Sources */ = {isa = PBXBuildFile; fileRef = C8AC23A41FC7F4AB00CF03BF /* DBModel.swift */; };
		C8AC24021FC7F4AC00CF03BF /* DataBaseManager.swift in Sources */ = {isa = PBXBuildFile; fileRef = C8AC23A51FC7F4AB00CF03BF /* DataBaseManager.swift */; };
		C8AC24031FC7F4AC00CF03BF /* AutoProgressHUD.swift in Sources */ = {isa = PBXBuildFile; fileRef = C8AC23A81FC7F4AB00CF03BF /* AutoProgressHUD.swift */; };
		C8AC24041FC7F4AC00CF03BF /* WKWebViewController.swift in Sources */ = {isa = PBXBuildFile; fileRef = C8AC23AB1FC7F4AB00CF03BF /* WKWebViewController.swift */; };
		C8AC24051FC7F4AC00CF03BF /* WebViewController.swift in Sources */ = {isa = PBXBuildFile; fileRef = C8AC23AC1FC7F4AB00CF03BF /* WebViewController.swift */; };
		C8AC24061FC7F4AC00CF03BF /* WebUtils.swift in Sources */ = {isa = PBXBuildFile; fileRef = C8AC23AD1FC7F4AB00CF03BF /* WebUtils.swift */; };
		C8AC24071FC7F4AC00CF03BF /* UIWebViewController.swift in Sources */ = {isa = PBXBuildFile; fileRef = C8AC23AE1FC7F4AB00CF03BF /* UIWebViewController.swift */; };
		C8AC24081FC7F4AC00CF03BF /* holder.png in Resources */ = {isa = PBXBuildFile; fileRef = C8AC23B01FC7F4AB00CF03BF /* holder.png */; };
		C8AC24091FC7F4AC00CF03BF /* lazyload.html in Resources */ = {isa = PBXBuildFile; fileRef = C8AC23B11FC7F4AB00CF03BF /* lazyload.html */; };
		C8AC240A1FC7F4AC00CF03BF /* app.css in Resources */ = {isa = PBXBuildFile; fileRef = C8AC23B21FC7F4AB00CF03BF /* app.css */; };
		C8AC240B1FC7F4AC00CF03BF /* test.html in Resources */ = {isa = PBXBuildFile; fileRef = C8AC23B31FC7F4AB00CF03BF /* test.html */; };
		C8AC240C1FC7F4AC00CF03BF /* jquery-2.2.0.js in Resources */ = {isa = PBXBuildFile; fileRef = C8AC23B41FC7F4AB00CF03BF /* jquery-2.2.0.js */; };
		C8AC240D1FC7F4AC00CF03BF /* jquery.lazyload.js in Resources */ = {isa = PBXBuildFile; fileRef = C8AC23B51FC7F4AB00CF03BF /* jquery.lazyload.js */; };
		C8AC240E1FC7F4AC00CF03BF /* HomeController.swift in Sources */ = {isa = PBXBuildFile; fileRef = C8AC23B71FC7F4AB00CF03BF /* HomeController.swift */; };
		C8AC240F1FC7F4AC00CF03BF /* LoginController.swift in Sources */ = {isa = PBXBuildFile; fileRef = C8AC23B81FC7F4AB00CF03BF /* LoginController.swift */; };
		C8AC24101FC7F4AC00CF03BF /* ResetPassWordController.swift in Sources */ = {isa = PBXBuildFile; fileRef = C8AC23B91FC7F4AB00CF03BF /* ResetPassWordController.swift */; };
		C8AC24111FC7F4AC00CF03BF /* UserCenterController.swift in Sources */ = {isa = PBXBuildFile; fileRef = C8AC23BA1FC7F4AB00CF03BF /* UserCenterController.swift */; };
		C8AC24121FC7F4AC00CF03BF /* PlaceHolderViewController.swift in Sources */ = {isa = PBXBuildFile; fileRef = C8AC23BB1FC7F4AB00CF03BF /* PlaceHolderViewController.swift */; };
		C8AC24131FC7F4AC00CF03BF /* HideTopNavBarController.swift in Sources */ = {isa = PBXBuildFile; fileRef = C8AC23BD1FC7F4AB00CF03BF /* HideTopNavBarController.swift */; };
		C8AC24141FC7F4AC00CF03BF /* HideNavConfigure.plist in Resources */ = {isa = PBXBuildFile; fileRef = C8AC23BE1FC7F4AB00CF03BF /* HideNavConfigure.plist */; };
		C8AC24151FC7F4AC00CF03BF /* NormalNavBarController.swift in Sources */ = {isa = PBXBuildFile; fileRef = C8AC23BF1FC7F4AB00CF03BF /* NormalNavBarController.swift */; };
		C8AC24161FC7F4AC00CF03BF /* MainTabBarController.swift in Sources */ = {isa = PBXBuildFile; fileRef = C8AC23C01FC7F4AB00CF03BF /* MainTabBarController.swift */; };
		C8AC24171FC7F4AC00CF03BF /* Main.storyboard in Resources */ = {isa = PBXBuildFile; fileRef = C8AC23C31FC7F4AB00CF03BF /* Main.storyboard */; };
		C8AC24181FC7F4AC00CF03BF /* LaunchScreen.storyboard in Resources */ = {isa = PBXBuildFile; fileRef = C8AC23C61FC7F4AB00CF03BF /* LaunchScreen.storyboard */; };
		C8AC24191FC7F4AC00CF03BF /* Assets.xcassets in Resources */ = {isa = PBXBuildFile; fileRef = C8AC23C81FC7F4AB00CF03BF /* Assets.xcassets */; };
		C8AC241A1FC7F4AC00CF03BF /* UIBarButtonItemFixSpace.swift in Sources */ = {isa = PBXBuildFile; fileRef = C8AC23CE1FC7F4AB00CF03BF /* UIBarButtonItemFixSpace.swift */; };
		C8AC241B1FC7F4AC00CF03BF /* UIBarButtonItemExtension.swift in Sources */ = {isa = PBXBuildFile; fileRef = C8AC23CF1FC7F4AB00CF03BF /* UIBarButtonItemExtension.swift */; };
		C8AC241C1FC7F4AC00CF03BF /* DispatchQueueExtension.swift in Sources */ = {isa = PBXBuildFile; fileRef = C8AC23D01FC7F4AB00CF03BF /* DispatchQueueExtension.swift */; };
		C8AC241D1FC7F4AC00CF03BF /* LaunchedTransitionView.swift in Sources */ = {isa = PBXBuildFile; fileRef = C8AC23D21FC7F4AB00CF03BF /* LaunchedTransitionView.swift */; };
		C8AC241E1FC7F4AC00CF03BF /* AHTabBar.swift in Sources */ = {isa = PBXBuildFile; fileRef = C8AC23D41FC7F4AB00CF03BF /* AHTabBar.swift */; };
		C8AC241F1FC7F4AC00CF03BF /* PlaceHolderNavBar.swift in Sources */ = {isa = PBXBuildFile; fileRef = C8AC23D51FC7F4AB00CF03BF /* PlaceHolderNavBar.swift */; };
		C8AC24211FC7F4AC00CF03BF /* UserViewModel.swift in Sources */ = {isa = PBXBuildFile; fileRef = C8AC23DA1FC7F4AC00CF03BF /* UserViewModel.swift */; };
		C8AC24221FC7F4AC00CF03BF /* HomeViewModel.swift in Sources */ = {isa = PBXBuildFile; fileRef = C8AC23DB1FC7F4AC00CF03BF /* HomeViewModel.swift */; };
		C8AC24231FC7F4AC00CF03BF /* BaseViewModel.swift in Sources */ = {isa = PBXBuildFile; fileRef = C8AC23DC1FC7F4AC00CF03BF /* BaseViewModel.swift */; };
		C8AC24241FC7F4AC00CF03BF /* ProvinceViewModel.swift in Sources */ = {isa = PBXBuildFile; fileRef = C8AC23DD1FC7F4AC00CF03BF /* ProvinceViewModel.swift */; };
/* End PBXBuildFile section */

/* Begin PBXContainerItemProxy section */
		C8AC23571FC7F42500CF03BF /* PBXContainerItemProxy */ = {
			isa = PBXContainerItemProxy;
			containerPortal = C8AC233A1FC7F42500CF03BF /* Project object */;
			proxyType = 1;
			remoteGlobalIDString = C8AC23411FC7F42500CF03BF;
			remoteInfo = SwiftMVVM;
		};
		C8AC23621FC7F42500CF03BF /* PBXContainerItemProxy */ = {
			isa = PBXContainerItemProxy;
			containerPortal = C8AC233A1FC7F42500CF03BF /* Project object */;
			proxyType = 1;
			remoteGlobalIDString = C8AC23411FC7F42500CF03BF;
			remoteInfo = SwiftMVVM;
		};
/* End PBXContainerItemProxy section */

/* Begin PBXFileReference section */
		8CD2C967835BEEC8509B9779 /* Pods_SwiftMVVM.framework */ = {isa = PBXFileReference; explicitFileType = wrapper.framework; includeInIndex = 0; path = Pods_SwiftMVVM.framework; sourceTree = BUILT_PRODUCTS_DIR; };
		B1AF9EB4B3D1FB62559BC518 /* Pods-SwiftMVVM.debug.xcconfig */ = {isa = PBXFileReference; includeInIndex = 1; lastKnownFileType = text.xcconfig; name = "Pods-SwiftMVVM.debug.xcconfig"; path = "Pods/Target Support Files/Pods-SwiftMVVM/Pods-SwiftMVVM.debug.xcconfig"; sourceTree = "<group>"; };
		C88159361FC81EA4007D36B7 /* SwiftMVVM.entitlements */ = {isa = PBXFileReference; lastKnownFileType = text.plist.entitlements; path = SwiftMVVM.entitlements; sourceTree = "<group>"; };
		C8AC23421FC7F42500CF03BF /* SwiftMVVM.app */ = {isa = PBXFileReference; explicitFileType = wrapper.application; includeInIndex = 0; path = SwiftMVVM.app; sourceTree = BUILT_PRODUCTS_DIR; };
		C8AC23511FC7F42500CF03BF /* Info.plist */ = {isa = PBXFileReference; lastKnownFileType = text.plist.xml; path = Info.plist; sourceTree = "<group>"; };
		C8AC23561FC7F42500CF03BF /* SwiftMVVMTests.xctest */ = {isa = PBXFileReference; explicitFileType = wrapper.cfbundle; includeInIndex = 0; path = SwiftMVVMTests.xctest; sourceTree = BUILT_PRODUCTS_DIR; };
		C8AC235A1FC7F42500CF03BF /* SwiftMVVMTests.swift */ = {isa = PBXFileReference; lastKnownFileType = sourcecode.swift; path = SwiftMVVMTests.swift; sourceTree = "<group>"; };
		C8AC235C1FC7F42500CF03BF /* Info.plist */ = {isa = PBXFileReference; lastKnownFileType = text.plist.xml; path = Info.plist; sourceTree = "<group>"; };
		C8AC23611FC7F42500CF03BF /* SwiftMVVMUITests.xctest */ = {isa = PBXFileReference; explicitFileType = wrapper.cfbundle; includeInIndex = 0; path = SwiftMVVMUITests.xctest; sourceTree = BUILT_PRODUCTS_DIR; };
		C8AC23651FC7F42500CF03BF /* SwiftMVVMUITests.swift */ = {isa = PBXFileReference; lastKnownFileType = sourcecode.swift; path = SwiftMVVMUITests.swift; sourceTree = "<group>"; };
		C8AC23671FC7F42500CF03BF /* Info.plist */ = {isa = PBXFileReference; lastKnownFileType = text.plist.xml; path = Info.plist; sourceTree = "<group>"; };
		C8AC23731FC7F4AA00CF03BF /* SwiftMVVM-Bridging-Header.h */ = {isa = PBXFileReference; lastKnownFileType = sourcecode.c.h; path = "SwiftMVVM-Bridging-Header.h"; sourceTree = "<group>"; };
		C8AC23741FC7F4AB00CF03BF /* AppDelegate.swift */ = {isa = PBXFileReference; fileEncoding = 4; lastKnownFileType = sourcecode.swift; path = AppDelegate.swift; sourceTree = "<group>"; };
		C8AC23771FC7F4AB00CF03BF /* Test.swift */ = {isa = PBXFileReference; fileEncoding = 4; lastKnownFileType = sourcecode.swift; path = Test.swift; sourceTree = "<group>"; };
		C8AC23781FC7F4AB00CF03BF /* City.swift */ = {isa = PBXFileReference; fileEncoding = 4; lastKnownFileType = sourcecode.swift; path = City.swift; sourceTree = "<group>"; };
		C8AC23791FC7F4AB00CF03BF /* User.swift */ = {isa = PBXFileReference; fileEncoding = 4; lastKnownFileType = sourcecode.swift; path = User.swift; sourceTree = "<group>"; };
		C8AC237A1FC7F4AB00CF03BF /* File.swift */ = {isa = PBXFileReference; fileEncoding = 4; lastKnownFileType = sourcecode.swift; path = File.swift; sourceTree = "<group>"; };
		C8AC237B1FC7F4AB00CF03BF /* Country.swift */ = {isa = PBXFileReference; fileEncoding = 4; lastKnownFileType = sourcecode.swift; path = Country.swift; sourceTree = "<group>"; };
		C8AC237C1FC7F4AB00CF03BF /* Province.swift */ = {isa = PBXFileReference; fileEncoding = 4; lastKnownFileType = sourcecode.swift; path = Province.swift; sourceTree = "<group>"; };
		C8AC237D1FC7F4AB00CF03BF /* Fuck.swift */ = {isa = PBXFileReference; fileEncoding = 4; lastKnownFileType = sourcecode.swift; path = Fuck.swift; sourceTree = "<group>"; };
		C8AC237F1FC7F4AB00CF03BF /* UserApi.swift */ = {isa = PBXFileReference; fileEncoding = 4; lastKnownFileType = sourcecode.swift; path = UserApi.swift; sourceTree = "<group>"; };
		C8AC23801FC7F4AB00CF03BF /* TestApi.swift */ = {isa = PBXFileReference; fileEncoding = 4; lastKnownFileType = sourcecode.swift; path = TestApi.swift; sourceTree = "<group>"; };
		C8AC23811FC7F4AB00CF03BF /* ProvinceApi.swift */ = {isa = PBXFileReference; fileEncoding = 4; lastKnownFileType = sourcecode.swift; path = ProvinceApi.swift; sourceTree = "<group>"; };
		C8AC23821FC7F4AB00CF03BF /* NewsApi.swift */ = {isa = PBXFileReference; fileEncoding = 4; lastKnownFileType = sourcecode.swift; path = NewsApi.swift; sourceTree = "<group>"; };
		C8AC23851FC7F4AB00CF03BF /* UIColorExtension.swift */ = {isa = PBXFileReference; fileEncoding = 4; lastKnownFileType = sourcecode.swift; path = UIColorExtension.swift; sourceTree = "<group>"; };
		C8AC23861FC7F4AB00CF03BF /* NSObjectExtension.swift */ = {isa = PBXFileReference; fileEncoding = 4; lastKnownFileType = sourcecode.swift; path = NSObjectExtension.swift; sourceTree = "<group>"; };
		C8AC23871FC7F4AB00CF03BF /* NotifcationCenterExtension.swift */ = {isa = PBXFileReference; fileEncoding = 4; lastKnownFileType = sourcecode.swift; path = NotifcationCenterExtension.swift; sourceTree = "<group>"; };
		C8AC23881FC7F4AB00CF03BF /* UIApplicationExtension.swift */ = {isa = PBXFileReference; fileEncoding = 4; lastKnownFileType = sourcecode.swift; path = UIApplicationExtension.swift; sourceTree = "<group>"; };
		C8AC23891FC7F4AB00CF03BF /* NSUserDefaultsExtension.swift */ = {isa = PBXFileReference; fileEncoding = 4; lastKnownFileType = sourcecode.swift; path = NSUserDefaultsExtension.swift; sourceTree = "<group>"; };
		C8AC238A1FC7F4AB00CF03BF /* UIViewControllerExtension.swift */ = {isa = PBXFileReference; fileEncoding = 4; lastKnownFileType = sourcecode.swift; path = UIViewControllerExtension.swift; sourceTree = "<group>"; };
		C8AC238B1FC7F4AB00CF03BF /* UIStoryboardExtension.swift */ = {isa = PBXFileReference; fileEncoding = 4; lastKnownFileType = sourcecode.swift; path = UIStoryboardExtension.swift; sourceTree = "<group>"; };
		C8AC238C1FC7F4AB00CF03BF /* UIViewExtension.swift */ = {isa = PBXFileReference; fileEncoding = 4; lastKnownFileType = sourcecode.swift; path = UIViewExtension.swift; sourceTree = "<group>"; };
		C8AC238D1FC7F4AB00CF03BF /* StringExtension.swift */ = {isa = PBXFileReference; fileEncoding = 4; lastKnownFileType = sourcecode.swift; path = StringExtension.swift; sourceTree = "<group>"; };
		C8AC238E1FC7F4AB00CF03BF /* UIImageExtension.swift */ = {isa = PBXFileReference; fileEncoding = 4; lastKnownFileType = sourcecode.swift; path = UIImageExtension.swift; sourceTree = "<group>"; };
		C8AC238F1FC7F4AB00CF03BF /* FoundationExtension.swift */ = {isa = PBXFileReference; fileEncoding = 4; lastKnownFileType = sourcecode.swift; path = FoundationExtension.swift; sourceTree = "<group>"; };
		C8AC23911FC7F4AB00CF03BF /* Predefine.swift */ = {isa = PBXFileReference; fileEncoding = 4; lastKnownFileType = sourcecode.swift; path = Predefine.swift; sourceTree = "<group>"; };
		C8AC23971FC7F4AB00CF03BF /* NetworkType.swift */ = {isa = PBXFileReference; fileEncoding = 4; lastKnownFileType = sourcecode.swift; path = NetworkType.swift; sourceTree = "<group>"; };
		C8AC23981FC7F4AB00CF03BF /* NetworkManager.swift */ = {isa = PBXFileReference; fileEncoding = 4; lastKnownFileType = sourcecode.swift; path = NetworkManager.swift; sourceTree = "<group>"; };
		C8AC23991FC7F4AB00CF03BF /* Request.swift */ = {isa = PBXFileReference; fileEncoding = 4; lastKnownFileType = sourcecode.swift; path = Request.swift; sourceTree = "<group>"; };
		C8AC239A1FC7F4AB00CF03BF /* HTTPProvider.swift */ = {isa = PBXFileReference; fileEncoding = 4; lastKnownFileType = sourcecode.swift; path = HTTPProvider.swift; sourceTree = "<group>"; };
		C8AC239B1FC7F4AB00CF03BF /* NetworkConfiguration.swift */ = {isa = PBXFileReference; fileEncoding = 4; lastKnownFileType = sourcecode.swift; path = NetworkConfiguration.swift; sourceTree = "<group>"; };
		C8AC239C1FC7F4AB00CF03BF /* CacheManager.swift */ = {isa = PBXFileReference; fileEncoding = 4; lastKnownFileType = sourcecode.swift; path = CacheManager.swift; sourceTree = "<group>"; };
		C8AC239D1FC7F4AB00CF03BF /* AppManager.swift */ = {isa = PBXFileReference; fileEncoding = 4; lastKnownFileType = sourcecode.swift; path = AppManager.swift; sourceTree = "<group>"; };
		C8AC239E1FC7F4AB00CF03BF /* DateTools.swift */ = {isa = PBXFileReference; fileEncoding = 4; lastKnownFileType = sourcecode.swift; path = DateTools.swift; sourceTree = "<group>"; };
		C8AC239F1FC7F4AB00CF03BF /* ThemeManager.swift */ = {isa = PBXFileReference; fileEncoding = 4; lastKnownFileType = sourcecode.swift; path = ThemeManager.swift; sourceTree = "<group>"; };
		C8AC23A11FC7F4AB00CF03BF /* FilesManager.swift */ = {isa = PBXFileReference; fileEncoding = 4; lastKnownFileType = sourcecode.swift; path = FilesManager.swift; sourceTree = "<group>"; };
		C8AC23A21FC7F4AB00CF03BF /* LocationManager.swift */ = {isa = PBXFileReference; fileEncoding = 4; lastKnownFileType = sourcecode.swift; path = LocationManager.swift; sourceTree = "<group>"; };
		C8AC23A41FC7F4AB00CF03BF /* DBModel.swift */ = {isa = PBXFileReference; fileEncoding = 4; lastKnownFileType = sourcecode.swift; path = DBModel.swift; sourceTree = "<group>"; };
		C8AC23A51FC7F4AB00CF03BF /* DataBaseManager.swift */ = {isa = PBXFileReference; fileEncoding = 4; lastKnownFileType = sourcecode.swift; path = DataBaseManager.swift; sourceTree = "<group>"; };
		C8AC23A81FC7F4AB00CF03BF /* AutoProgressHUD.swift */ = {isa = PBXFileReference; fileEncoding = 4; lastKnownFileType = sourcecode.swift; path = AutoProgressHUD.swift; sourceTree = "<group>"; };
		C8AC23AB1FC7F4AB00CF03BF /* WKWebViewController.swift */ = {isa = PBXFileReference; fileEncoding = 4; lastKnownFileType = sourcecode.swift; path = WKWebViewController.swift; sourceTree = "<group>"; };
		C8AC23AC1FC7F4AB00CF03BF /* WebViewController.swift */ = {isa = PBXFileReference; fileEncoding = 4; lastKnownFileType = sourcecode.swift; path = WebViewController.swift; sourceTree = "<group>"; };
		C8AC23AD1FC7F4AB00CF03BF /* WebUtils.swift */ = {isa = PBXFileReference; fileEncoding = 4; lastKnownFileType = sourcecode.swift; path = WebUtils.swift; sourceTree = "<group>"; };
		C8AC23AE1FC7F4AB00CF03BF /* UIWebViewController.swift */ = {isa = PBXFileReference; fileEncoding = 4; lastKnownFileType = sourcecode.swift; path = UIWebViewController.swift; sourceTree = "<group>"; };
		C8AC23B01FC7F4AB00CF03BF /* holder.png */ = {isa = PBXFileReference; lastKnownFileType = image.png; path = holder.png; sourceTree = "<group>"; };
		C8AC23B11FC7F4AB00CF03BF /* lazyload.html */ = {isa = PBXFileReference; fileEncoding = 4; lastKnownFileType = text.html; path = lazyload.html; sourceTree = "<group>"; };
		C8AC23B21FC7F4AB00CF03BF /* app.css */ = {isa = PBXFileReference; fileEncoding = 4; lastKnownFileType = text.css; path = app.css; sourceTree = "<group>"; };
		C8AC23B31FC7F4AB00CF03BF /* test.html */ = {isa = PBXFileReference; fileEncoding = 4; lastKnownFileType = text.html; path = test.html; sourceTree = "<group>"; };
		C8AC23B41FC7F4AB00CF03BF /* jquery-2.2.0.js */ = {isa = PBXFileReference; fileEncoding = 4; lastKnownFileType = sourcecode.javascript; path = "jquery-2.2.0.js"; sourceTree = "<group>"; };
		C8AC23B51FC7F4AB00CF03BF /* jquery.lazyload.js */ = {isa = PBXFileReference; fileEncoding = 4; lastKnownFileType = sourcecode.javascript; path = jquery.lazyload.js; sourceTree = "<group>"; };
		C8AC23B71FC7F4AB00CF03BF /* HomeController.swift */ = {isa = PBXFileReference; fileEncoding = 4; lastKnownFileType = sourcecode.swift; path = HomeController.swift; sourceTree = "<group>"; };
		C8AC23B81FC7F4AB00CF03BF /* LoginController.swift */ = {isa = PBXFileReference; fileEncoding = 4; lastKnownFileType = sourcecode.swift; path = LoginController.swift; sourceTree = "<group>"; };
		C8AC23B91FC7F4AB00CF03BF /* ResetPassWordController.swift */ = {isa = PBXFileReference; fileEncoding = 4; lastKnownFileType = sourcecode.swift; path = ResetPassWordController.swift; sourceTree = "<group>"; };
		C8AC23BA1FC7F4AB00CF03BF /* UserCenterController.swift */ = {isa = PBXFileReference; fileEncoding = 4; lastKnownFileType = sourcecode.swift; path = UserCenterController.swift; sourceTree = "<group>"; };
		C8AC23BB1FC7F4AB00CF03BF /* PlaceHolderViewController.swift */ = {isa = PBXFileReference; fileEncoding = 4; lastKnownFileType = sourcecode.swift; path = PlaceHolderViewController.swift; sourceTree = "<group>"; };
		C8AC23BD1FC7F4AB00CF03BF /* HideTopNavBarController.swift */ = {isa = PBXFileReference; fileEncoding = 4; lastKnownFileType = sourcecode.swift; path = HideTopNavBarController.swift; sourceTree = "<group>"; };
		C8AC23BE1FC7F4AB00CF03BF /* HideNavConfigure.plist */ = {isa = PBXFileReference; fileEncoding = 4; lastKnownFileType = text.plist.xml; path = HideNavConfigure.plist; sourceTree = "<group>"; };
		C8AC23BF1FC7F4AB00CF03BF /* NormalNavBarController.swift */ = {isa = PBXFileReference; fileEncoding = 4; lastKnownFileType = sourcecode.swift; path = NormalNavBarController.swift; sourceTree = "<group>"; };
		C8AC23C01FC7F4AB00CF03BF /* MainTabBarController.swift */ = {isa = PBXFileReference; fileEncoding = 4; lastKnownFileType = sourcecode.swift; path = MainTabBarController.swift; sourceTree = "<group>"; };
		C8AC23C41FC7F4AB00CF03BF /* zh-Hans */ = {isa = PBXFileReference; lastKnownFileType = file.storyboard; name = "zh-Hans"; path = "zh-Hans.lproj/Main.storyboard"; sourceTree = "<group>"; };
		C8AC23C51FC7F4AB00CF03BF /* en */ = {isa = PBXFileReference; lastKnownFileType = file.storyboard; name = en; path = en.lproj/Main.storyboard; sourceTree = "<group>"; };
		C8AC23C81FC7F4AB00CF03BF /* Assets.xcassets */ = {isa = PBXFileReference; lastKnownFileType = folder.assetcatalog; path = Assets.xcassets; sourceTree = "<group>"; };
		C8AC23CE1FC7F4AB00CF03BF /* UIBarButtonItemFixSpace.swift */ = {isa = PBXFileReference; fileEncoding = 4; lastKnownFileType = sourcecode.swift; path = UIBarButtonItemFixSpace.swift; sourceTree = "<group>"; };
		C8AC23CF1FC7F4AB00CF03BF /* UIBarButtonItemExtension.swift */ = {isa = PBXFileReference; fileEncoding = 4; lastKnownFileType = sourcecode.swift; path = UIBarButtonItemExtension.swift; sourceTree = "<group>"; };
		C8AC23D01FC7F4AB00CF03BF /* DispatchQueueExtension.swift */ = {isa = PBXFileReference; fileEncoding = 4; lastKnownFileType = sourcecode.swift; path = DispatchQueueExtension.swift; sourceTree = "<group>"; };
		C8AC23D21FC7F4AB00CF03BF /* LaunchedTransitionView.swift */ = {isa = PBXFileReference; fileEncoding = 4; lastKnownFileType = sourcecode.swift; path = LaunchedTransitionView.swift; sourceTree = "<group>"; };
		C8AC23D41FC7F4AB00CF03BF /* AHTabBar.swift */ = {isa = PBXFileReference; fileEncoding = 4; lastKnownFileType = sourcecode.swift; path = AHTabBar.swift; sourceTree = "<group>"; };
		C8AC23D51FC7F4AB00CF03BF /* PlaceHolderNavBar.swift */ = {isa = PBXFileReference; fileEncoding = 4; lastKnownFileType = sourcecode.swift; path = PlaceHolderNavBar.swift; sourceTree = "<group>"; };
		C8AC23DA1FC7F4AC00CF03BF /* UserViewModel.swift */ = {isa = PBXFileReference; fileEncoding = 4; lastKnownFileType = sourcecode.swift; path = UserViewModel.swift; sourceTree = "<group>"; };
		C8AC23DB1FC7F4AC00CF03BF /* HomeViewModel.swift */ = {isa = PBXFileReference; fileEncoding = 4; lastKnownFileType = sourcecode.swift; path = HomeViewModel.swift; sourceTree = "<group>"; };
		C8AC23DC1FC7F4AC00CF03BF /* BaseViewModel.swift */ = {isa = PBXFileReference; fileEncoding = 4; lastKnownFileType = sourcecode.swift; path = BaseViewModel.swift; sourceTree = "<group>"; };
		C8AC23DD1FC7F4AC00CF03BF /* ProvinceViewModel.swift */ = {isa = PBXFileReference; fileEncoding = 4; lastKnownFileType = sourcecode.swift; path = ProvinceViewModel.swift; sourceTree = "<group>"; };
		C8B7B6581FC809290010BDE8 /* en */ = {isa = PBXFileReference; lastKnownFileType = file.storyboard; name = en; path = en.lproj/LaunchScreen.storyboard; sourceTree = "<group>"; };
		C8B7B6591FC8092D0010BDE8 /* zh-Hans */ = {isa = PBXFileReference; lastKnownFileType = file.storyboard; name = "zh-Hans"; path = "zh-Hans.lproj/LaunchScreen.storyboard"; sourceTree = "<group>"; };
		E9AE48A7555D28C39493ED88 /* Pods-SwiftMVVM.release.xcconfig */ = {isa = PBXFileReference; includeInIndex = 1; lastKnownFileType = text.xcconfig; name = "Pods-SwiftMVVM.release.xcconfig"; path = "Pods/Target Support Files/Pods-SwiftMVVM/Pods-SwiftMVVM.release.xcconfig"; sourceTree = "<group>"; };
/* End PBXFileReference section */

/* Begin PBXFrameworksBuildPhase section */
		C8AC233F1FC7F42500CF03BF /* Frameworks */ = {
			isa = PBXFrameworksBuildPhase;
			buildActionMask = 2147483647;
			files = (
				AA91D43055002E33059F5049 /* Pods_SwiftMVVM.framework in Frameworks */,
			);
			runOnlyForDeploymentPostprocessing = 0;
		};
		C8AC23531FC7F42500CF03BF /* Frameworks */ = {
			isa = PBXFrameworksBuildPhase;
			buildActionMask = 2147483647;
			files = (
			);
			runOnlyForDeploymentPostprocessing = 0;
		};
		C8AC235E1FC7F42500CF03BF /* Frameworks */ = {
			isa = PBXFrameworksBuildPhase;
			buildActionMask = 2147483647;
			files = (
			);
			runOnlyForDeploymentPostprocessing = 0;
		};
/* End PBXFrameworksBuildPhase section */

/* Begin PBXGroup section */
		0CF408C4917D215CA6EB3697 /* Pods */ = {
			isa = PBXGroup;
			children = (
				B1AF9EB4B3D1FB62559BC518 /* Pods-SwiftMVVM.debug.xcconfig */,
				E9AE48A7555D28C39493ED88 /* Pods-SwiftMVVM.release.xcconfig */,
			);
			name = Pods;
			sourceTree = "<group>";
		};
		B0E55BDAD35A417177829548 /* Frameworks */ = {
			isa = PBXGroup;
			children = (
				8CD2C967835BEEC8509B9779 /* Pods_SwiftMVVM.framework */,
			);
			name = Frameworks;
			sourceTree = "<group>";
		};
		C8AC23391FC7F42500CF03BF = {
			isa = PBXGroup;
			children = (
				C8AC23441FC7F42500CF03BF /* SwiftMVVM */,
				C8AC23591FC7F42500CF03BF /* SwiftMVVMTests */,
				C8AC23641FC7F42500CF03BF /* SwiftMVVMUITests */,
				C8AC23431FC7F42500CF03BF /* Products */,
				0CF408C4917D215CA6EB3697 /* Pods */,
				B0E55BDAD35A417177829548 /* Frameworks */,
			);
			sourceTree = "<group>";
		};
		C8AC23431FC7F42500CF03BF /* Products */ = {
			isa = PBXGroup;
			children = (
				C8AC23421FC7F42500CF03BF /* SwiftMVVM.app */,
				C8AC23561FC7F42500CF03BF /* SwiftMVVMTests.xctest */,
				C8AC23611FC7F42500CF03BF /* SwiftMVVMUITests.xctest */,
			);
			name = Products;
			sourceTree = "<group>";
		};
		C8AC23441FC7F42500CF03BF /* SwiftMVVM */ = {
			isa = PBXGroup;
			children = (
				C88159361FC81EA4007D36B7 /* SwiftMVVM.entitlements */,
				C8AC23741FC7F4AB00CF03BF /* AppDelegate.swift */,
				C8AC23B61FC7F4AB00CF03BF /* Controllers */,
				C8AC23D91FC7F4AC00CF03BF /* ViewModels */,
				C8AC23751FC7F4AB00CF03BF /* Models */,
				C8AC23CB1FC7F4AB00CF03BF /* Views */,
				C8AC23831FC7F4AB00CF03BF /* Utils */,
				C8AC23C11FC7F4AB00CF03BF /* Resources */,
				C8AC23511FC7F42500CF03BF /* Info.plist */,
			);
			path = SwiftMVVM;
			sourceTree = "<group>";
		};
		C8AC23591FC7F42500CF03BF /* SwiftMVVMTests */ = {
			isa = PBXGroup;
			children = (
				C8AC235A1FC7F42500CF03BF /* SwiftMVVMTests.swift */,
				C8AC235C1FC7F42500CF03BF /* Info.plist */,
			);
			path = SwiftMVVMTests;
			sourceTree = "<group>";
		};
		C8AC23641FC7F42500CF03BF /* SwiftMVVMUITests */ = {
			isa = PBXGroup;
			children = (
				C8AC23651FC7F42500CF03BF /* SwiftMVVMUITests.swift */,
				C8AC23671FC7F42500CF03BF /* Info.plist */,
			);
			path = SwiftMVVMUITests;
			sourceTree = "<group>";
		};
		C8AC23751FC7F4AB00CF03BF /* Models */ = {
			isa = PBXGroup;
			children = (
				C8AC23761FC7F4AB00CF03BF /* Entity */,
				C8AC237E1FC7F4AB00CF03BF /* Api */,
			);
			path = Models;
			sourceTree = "<group>";
		};
		C8AC23761FC7F4AB00CF03BF /* Entity */ = {
			isa = PBXGroup;
			children = (
				C8AC23771FC7F4AB00CF03BF /* Test.swift */,
				C8AC23781FC7F4AB00CF03BF /* City.swift */,
				C8AC23791FC7F4AB00CF03BF /* User.swift */,
				C8AC237A1FC7F4AB00CF03BF /* File.swift */,
				C8AC237B1FC7F4AB00CF03BF /* Country.swift */,
				C8AC237C1FC7F4AB00CF03BF /* Province.swift */,
				C8AC237D1FC7F4AB00CF03BF /* Fuck.swift */,
			);
			path = Entity;
			sourceTree = "<group>";
		};
		C8AC237E1FC7F4AB00CF03BF /* Api */ = {
			isa = PBXGroup;
			children = (
				C8AC237F1FC7F4AB00CF03BF /* UserApi.swift */,
				C8AC23801FC7F4AB00CF03BF /* TestApi.swift */,
				C8AC23811FC7F4AB00CF03BF /* ProvinceApi.swift */,
				C8AC23821FC7F4AB00CF03BF /* NewsApi.swift */,
			);
			path = Api;
			sourceTree = "<group>";
		};
		C8AC23831FC7F4AB00CF03BF /* Utils */ = {
			isa = PBXGroup;
			children = (
				C8AC23841FC7F4AB00CF03BF /* Extension */,
				C8AC23901FC7F4AB00CF03BF /* Configure */,
				C8AC23931FC7F4AB00CF03BF /* ThirdPart */,
				C8AC23941FC7F4AB00CF03BF /* Custom */,
			);
			path = Utils;
			sourceTree = "<group>";
		};
		C8AC23841FC7F4AB00CF03BF /* Extension */ = {
			isa = PBXGroup;
			children = (
				C8AC23851FC7F4AB00CF03BF /* UIColorExtension.swift */,
				C8AC23861FC7F4AB00CF03BF /* NSObjectExtension.swift */,
				C8AC23871FC7F4AB00CF03BF /* NotifcationCenterExtension.swift */,
				C8AC23881FC7F4AB00CF03BF /* UIApplicationExtension.swift */,
				C8AC23891FC7F4AB00CF03BF /* NSUserDefaultsExtension.swift */,
				C8AC238A1FC7F4AB00CF03BF /* UIViewControllerExtension.swift */,
				C8AC238B1FC7F4AB00CF03BF /* UIStoryboardExtension.swift */,
				C8AC238C1FC7F4AB00CF03BF /* UIViewExtension.swift */,
				C8AC238D1FC7F4AB00CF03BF /* StringExtension.swift */,
				C8AC238E1FC7F4AB00CF03BF /* UIImageExtension.swift */,
				C8AC238F1FC7F4AB00CF03BF /* FoundationExtension.swift */,
			);
			path = Extension;
			sourceTree = "<group>";
		};
		C8AC23901FC7F4AB00CF03BF /* Configure */ = {
			isa = PBXGroup;
			children = (
				C8AC23731FC7F4AA00CF03BF /* SwiftMVVM-Bridging-Header.h */,
				C8AC23911FC7F4AB00CF03BF /* Predefine.swift */,
			);
			path = Configure;
			sourceTree = "<group>";
		};
		C8AC23931FC7F4AB00CF03BF /* ThirdPart */ = {
			isa = PBXGroup;
			children = (
			);
			path = ThirdPart;
			sourceTree = "<group>";
		};
		C8AC23941FC7F4AB00CF03BF /* Custom */ = {
			isa = PBXGroup;
			children = (
				C8AC23951FC7F4AB00CF03BF /* Managers */,
				C8AC23A61FC7F4AB00CF03BF /* UITools */,
			);
			path = Custom;
			sourceTree = "<group>";
		};
		C8AC23951FC7F4AB00CF03BF /* Managers */ = {
			isa = PBXGroup;
			children = (
				C8AC23961FC7F4AB00CF03BF /* NetWorkManager */,
				C8AC239C1FC7F4AB00CF03BF /* CacheManager.swift */,
				C8AC239D1FC7F4AB00CF03BF /* AppManager.swift */,
				C8AC239E1FC7F4AB00CF03BF /* DateTools.swift */,
				C8AC239F1FC7F4AB00CF03BF /* ThemeManager.swift */,
				C8AC23A01FC7F4AB00CF03BF /* FileManager */,
				C8AC23A21FC7F4AB00CF03BF /* LocationManager.swift */,
				C8AC23A31FC7F4AB00CF03BF /* DBManager */,
			);
			path = Managers;
			sourceTree = "<group>";
		};
		C8AC23961FC7F4AB00CF03BF /* NetWorkManager */ = {
			isa = PBXGroup;
			children = (
				C8AC23971FC7F4AB00CF03BF /* NetworkType.swift */,
				C8AC23981FC7F4AB00CF03BF /* NetworkManager.swift */,
				C8AC23991FC7F4AB00CF03BF /* Request.swift */,
				C8AC239A1FC7F4AB00CF03BF /* HTTPProvider.swift */,
				C8AC239B1FC7F4AB00CF03BF /* NetworkConfiguration.swift */,
			);
			path = NetWorkManager;
			sourceTree = "<group>";
		};
		C8AC23A01FC7F4AB00CF03BF /* FileManager */ = {
			isa = PBXGroup;
			children = (
				C8AC23A11FC7F4AB00CF03BF /* FilesManager.swift */,
			);
			path = FileManager;
			sourceTree = "<group>";
		};
		C8AC23A31FC7F4AB00CF03BF /* DBManager */ = {
			isa = PBXGroup;
			children = (
				C8AC23A41FC7F4AB00CF03BF /* DBModel.swift */,
				C8AC23A51FC7F4AB00CF03BF /* DataBaseManager.swift */,
			);
			path = DBManager;
			sourceTree = "<group>";
		};
		C8AC23A61FC7F4AB00CF03BF /* UITools */ = {
			isa = PBXGroup;
			children = (
				C8AC23A71FC7F4AB00CF03BF /* AutoProgressHUD */,
				C8AC23A91FC7F4AB00CF03BF /* WebView */,
			);
			path = UITools;
			sourceTree = "<group>";
		};
		C8AC23A71FC7F4AB00CF03BF /* AutoProgressHUD */ = {
			isa = PBXGroup;
			children = (
				C8AC23A81FC7F4AB00CF03BF /* AutoProgressHUD.swift */,
			);
			path = AutoProgressHUD;
			sourceTree = "<group>";
		};
		C8AC23A91FC7F4AB00CF03BF /* WebView */ = {
			isa = PBXGroup;
			children = (
				C8AC23AA1FC7F4AB00CF03BF /* Classes */,
				C8AC23AF1FC7F4AB00CF03BF /* Resource */,
			);
			path = WebView;
			sourceTree = "<group>";
		};
		C8AC23AA1FC7F4AB00CF03BF /* Classes */ = {
			isa = PBXGroup;
			children = (
				C8AC23AB1FC7F4AB00CF03BF /* WKWebViewController.swift */,
				C8AC23AC1FC7F4AB00CF03BF /* WebViewController.swift */,
				C8AC23AD1FC7F4AB00CF03BF /* WebUtils.swift */,
				C8AC23AE1FC7F4AB00CF03BF /* UIWebViewController.swift */,
			);
			path = Classes;
			sourceTree = "<group>";
		};
		C8AC23AF1FC7F4AB00CF03BF /* Resource */ = {
			isa = PBXGroup;
			children = (
				C8AC23B01FC7F4AB00CF03BF /* holder.png */,
				C8AC23B11FC7F4AB00CF03BF /* lazyload.html */,
				C8AC23B21FC7F4AB00CF03BF /* app.css */,
				C8AC23B31FC7F4AB00CF03BF /* test.html */,
				C8AC23B41FC7F4AB00CF03BF /* jquery-2.2.0.js */,
				C8AC23B51FC7F4AB00CF03BF /* jquery.lazyload.js */,
			);
			path = Resource;
			sourceTree = "<group>";
		};
		C8AC23B61FC7F4AB00CF03BF /* Controllers */ = {
			isa = PBXGroup;
			children = (
				C8B7B6531FC7FAAD0010BDE8 /* PlaceHolder */,
				C8B7B6521FC7FA980010BDE8 /* User */,
				C8B7B6511FC7FA860010BDE8 /* Home */,
				C8AC23BC1FC7F4AB00CF03BF /* Base */,
			);
			path = Controllers;
			sourceTree = "<group>";
		};
		C8AC23BC1FC7F4AB00CF03BF /* Base */ = {
			isa = PBXGroup;
			children = (
				C8AC23BD1FC7F4AB00CF03BF /* HideTopNavBarController.swift */,
				C8AC23BE1FC7F4AB00CF03BF /* HideNavConfigure.plist */,
				C8AC23BF1FC7F4AB00CF03BF /* NormalNavBarController.swift */,
				C8AC23C01FC7F4AB00CF03BF /* MainTabBarController.swift */,
			);
			path = Base;
			sourceTree = "<group>";
		};
		C8AC23C11FC7F4AB00CF03BF /* Resources */ = {
			isa = PBXGroup;
			children = (
				C8AC23C21FC7F4AB00CF03BF /* Interface */,
				C8AC23C81FC7F4AB00CF03BF /* Assets.xcassets */,
				C8AC23C91FC7F4AB00CF03BF /* IMG */,
				C8AC23CA1FC7F4AB00CF03BF /* Documents */,
			);
			path = Resources;
			sourceTree = "<group>";
		};
		C8AC23C21FC7F4AB00CF03BF /* Interface */ = {
			isa = PBXGroup;
			children = (
				C8AC23C31FC7F4AB00CF03BF /* Main.storyboard */,
				C8AC23C61FC7F4AB00CF03BF /* LaunchScreen.storyboard */,
			);
			path = Interface;
			sourceTree = "<group>";
		};
		C8AC23C91FC7F4AB00CF03BF /* IMG */ = {
			isa = PBXGroup;
			children = (
			);
			path = IMG;
			sourceTree = "<group>";
		};
		C8AC23CA1FC7F4AB00CF03BF /* Documents */ = {
			isa = PBXGroup;
			children = (
			);
			path = Documents;
			sourceTree = "<group>";
		};
		C8AC23CB1FC7F4AB00CF03BF /* Views */ = {
			isa = PBXGroup;
			children = (
				C8AC23CC1FC7F4AB00CF03BF /* Extension */,
				C8AC23D11FC7F4AB00CF03BF /* Normal */,
				C8AC23D31FC7F4AB00CF03BF /* Custom */,
			);
			path = Views;
			sourceTree = "<group>";
		};
		C8AC23CC1FC7F4AB00CF03BF /* Extension */ = {
			isa = PBXGroup;
			children = (
				C8AC23CD1FC7F4AB00CF03BF /* NavigationBarSpaceFixed */,
			);
			path = Extension;
			sourceTree = "<group>";
		};
		C8AC23CD1FC7F4AB00CF03BF /* NavigationBarSpaceFixed */ = {
			isa = PBXGroup;
			children = (
				C8AC23CE1FC7F4AB00CF03BF /* UIBarButtonItemFixSpace.swift */,
				C8AC23CF1FC7F4AB00CF03BF /* UIBarButtonItemExtension.swift */,
				C8AC23D01FC7F4AB00CF03BF /* DispatchQueueExtension.swift */,
			);
			path = NavigationBarSpaceFixed;
			sourceTree = "<group>";
		};
		C8AC23D11FC7F4AB00CF03BF /* Normal */ = {
			isa = PBXGroup;
			children = (
				C8AC23D21FC7F4AB00CF03BF /* LaunchedTransitionView.swift */,
			);
			path = Normal;
			sourceTree = "<group>";
		};
		C8AC23D31FC7F4AB00CF03BF /* Custom */ = {
			isa = PBXGroup;
			children = (
				C8AC23D41FC7F4AB00CF03BF /* AHTabBar.swift */,
				C8AC23D51FC7F4AB00CF03BF /* PlaceHolderNavBar.swift */,
			);
			path = Custom;
			sourceTree = "<group>";
		};
		C8AC23D91FC7F4AC00CF03BF /* ViewModels */ = {
			isa = PBXGroup;
			children = (
				C8AC23DA1FC7F4AC00CF03BF /* UserViewModel.swift */,
				C8AC23DB1FC7F4AC00CF03BF /* HomeViewModel.swift */,
				C8AC23DC1FC7F4AC00CF03BF /* BaseViewModel.swift */,
				C8AC23DD1FC7F4AC00CF03BF /* ProvinceViewModel.swift */,
			);
			path = ViewModels;
			sourceTree = "<group>";
		};
		C8B7B6511FC7FA860010BDE8 /* Home */ = {
			isa = PBXGroup;
			children = (
				C8AC23B71FC7F4AB00CF03BF /* HomeController.swift */,
			);
			path = Home;
			sourceTree = "<group>";
		};
		C8B7B6521FC7FA980010BDE8 /* User */ = {
			isa = PBXGroup;
			children = (
				C8AC23B81FC7F4AB00CF03BF /* LoginController.swift */,
				C8AC23B91FC7F4AB00CF03BF /* ResetPassWordController.swift */,
				C8AC23BA1FC7F4AB00CF03BF /* UserCenterController.swift */,
			);
			path = User;
			sourceTree = "<group>";
		};
		C8B7B6531FC7FAAD0010BDE8 /* PlaceHolder */ = {
			isa = PBXGroup;
			children = (
				C8AC23BB1FC7F4AB00CF03BF /* PlaceHolderViewController.swift */,
			);
			path = PlaceHolder;
			sourceTree = "<group>";
		};
/* End PBXGroup section */

/* Begin PBXNativeTarget section */
		C8AC23411FC7F42500CF03BF /* SwiftMVVM */ = {
			isa = PBXNativeTarget;
			buildConfigurationList = C8AC236A1FC7F42500CF03BF /* Build configuration list for PBXNativeTarget "SwiftMVVM" */;
			buildPhases = (
				AC453DE610BA2838410126E3 /* [CP] Check Pods Manifest.lock */,
				C8AC233E1FC7F42500CF03BF /* Sources */,
				C8AC233F1FC7F42500CF03BF /* Frameworks */,
				C8AC23401FC7F42500CF03BF /* Resources */,
				CF897B0B3E4A73F7C9780604 /* [CP] Embed Pods Frameworks */,
				667D156A0E70AD1563F5D60F /* [CP] Copy Pods Resources */,
			);
			buildRules = (
			);
			dependencies = (
			);
			name = SwiftMVVM;
			productName = SwiftMVVM;
			productReference = C8AC23421FC7F42500CF03BF /* SwiftMVVM.app */;
			productType = "com.apple.product-type.application";
		};
		C8AC23551FC7F42500CF03BF /* SwiftMVVMTests */ = {
			isa = PBXNativeTarget;
			buildConfigurationList = C8AC236D1FC7F42500CF03BF /* Build configuration list for PBXNativeTarget "SwiftMVVMTests" */;
			buildPhases = (
				C8AC23521FC7F42500CF03BF /* Sources */,
				C8AC23531FC7F42500CF03BF /* Frameworks */,
				C8AC23541FC7F42500CF03BF /* Resources */,
			);
			buildRules = (
			);
			dependencies = (
				C8AC23581FC7F42500CF03BF /* PBXTargetDependency */,
			);
			name = SwiftMVVMTests;
			productName = SwiftMVVMTests;
			productReference = C8AC23561FC7F42500CF03BF /* SwiftMVVMTests.xctest */;
			productType = "com.apple.product-type.bundle.unit-test";
		};
		C8AC23601FC7F42500CF03BF /* SwiftMVVMUITests */ = {
			isa = PBXNativeTarget;
			buildConfigurationList = C8AC23701FC7F42500CF03BF /* Build configuration list for PBXNativeTarget "SwiftMVVMUITests" */;
			buildPhases = (
				C8AC235D1FC7F42500CF03BF /* Sources */,
				C8AC235E1FC7F42500CF03BF /* Frameworks */,
				C8AC235F1FC7F42500CF03BF /* Resources */,
			);
			buildRules = (
			);
			dependencies = (
				C8AC23631FC7F42500CF03BF /* PBXTargetDependency */,
			);
			name = SwiftMVVMUITests;
			productName = SwiftMVVMUITests;
			productReference = C8AC23611FC7F42500CF03BF /* SwiftMVVMUITests.xctest */;
			productType = "com.apple.product-type.bundle.ui-testing";
		};
/* End PBXNativeTarget section */

/* Begin PBXProject section */
		C8AC233A1FC7F42500CF03BF /* Project object */ = {
			isa = PBXProject;
			attributes = {
				LastSwiftUpdateCheck = 0910;
				LastUpgradeCheck = 0910;
				ORGANIZATIONNAME = Dylan.Lee;
				TargetAttributes = {
					C8AC23411FC7F42500CF03BF = {
						CreatedOnToolsVersion = 9.1;
						LastSwiftMigration = 0910;
						ProvisioningStyle = Automatic;
						SystemCapabilities = {
							com.apple.BackgroundModes = {
								enabled = 1;
							};
							com.apple.Push = {
								enabled = 1;
							};
						};
					};
					C8AC23551FC7F42500CF03BF = {
						CreatedOnToolsVersion = 9.1;
						ProvisioningStyle = Automatic;
						TestTargetID = C8AC23411FC7F42500CF03BF;
					};
					C8AC23601FC7F42500CF03BF = {
						CreatedOnToolsVersion = 9.1;
						ProvisioningStyle = Automatic;
						TestTargetID = C8AC23411FC7F42500CF03BF;
					};
				};
			};
			buildConfigurationList = C8AC233D1FC7F42500CF03BF /* Build configuration list for PBXProject "SwiftMVVM" */;
			compatibilityVersion = "Xcode 8.0";
			developmentRegion = en;
			hasScannedForEncodings = 0;
			knownRegions = (
				en,
				Base,
				"zh-Hans",
			);
			mainGroup = C8AC23391FC7F42500CF03BF;
			productRefGroup = C8AC23431FC7F42500CF03BF /* Products */;
			projectDirPath = "";
			projectRoot = "";
			targets = (
				C8AC23411FC7F42500CF03BF /* SwiftMVVM */,
				C8AC23551FC7F42500CF03BF /* SwiftMVVMTests */,
				C8AC23601FC7F42500CF03BF /* SwiftMVVMUITests */,
			);
		};
/* End PBXProject section */

/* Begin PBXResourcesBuildPhase section */
		C8AC23401FC7F42500CF03BF /* Resources */ = {
			isa = PBXResourcesBuildPhase;
			buildActionMask = 2147483647;
			files = (
				C8AC24181FC7F4AC00CF03BF /* LaunchScreen.storyboard in Resources */,
				C8AC240B1FC7F4AC00CF03BF /* test.html in Resources */,
				C8AC240D1FC7F4AC00CF03BF /* jquery.lazyload.js in Resources */,
				C8AC240A1FC7F4AC00CF03BF /* app.css in Resources */,
				C8AC24191FC7F4AC00CF03BF /* Assets.xcassets in Resources */,
				C8AC24171FC7F4AC00CF03BF /* Main.storyboard in Resources */,
				C8AC24091FC7F4AC00CF03BF /* lazyload.html in Resources */,
				C8AC24141FC7F4AC00CF03BF /* HideNavConfigure.plist in Resources */,
				C8AC240C1FC7F4AC00CF03BF /* jquery-2.2.0.js in Resources */,
				C8AC24081FC7F4AC00CF03BF /* holder.png in Resources */,
			);
			runOnlyForDeploymentPostprocessing = 0;
		};
		C8AC23541FC7F42500CF03BF /* Resources */ = {
			isa = PBXResourcesBuildPhase;
			buildActionMask = 2147483647;
			files = (
			);
			runOnlyForDeploymentPostprocessing = 0;
		};
		C8AC235F1FC7F42500CF03BF /* Resources */ = {
			isa = PBXResourcesBuildPhase;
			buildActionMask = 2147483647;
			files = (
			);
			runOnlyForDeploymentPostprocessing = 0;
		};
/* End PBXResourcesBuildPhase section */

/* Begin PBXShellScriptBuildPhase section */
		667D156A0E70AD1563F5D60F /* [CP] Copy Pods Resources */ = {
			isa = PBXShellScriptBuildPhase;
			buildActionMask = 2147483647;
			files = (
			);
			inputPaths = (
			);
			name = "[CP] Copy Pods Resources";
			outputPaths = (
			);
			runOnlyForDeploymentPostprocessing = 0;
			shellPath = /bin/sh;
			shellScript = "\"${SRCROOT}/Pods/Target Support Files/Pods-SwiftMVVM/Pods-SwiftMVVM-resources.sh\"\n";
			showEnvVarsInLog = 0;
		};
		AC453DE610BA2838410126E3 /* [CP] Check Pods Manifest.lock */ = {
			isa = PBXShellScriptBuildPhase;
			buildActionMask = 2147483647;
			files = (
			);
			inputPaths = (
				"${PODS_PODFILE_DIR_PATH}/Podfile.lock",
				"${PODS_ROOT}/Manifest.lock",
			);
			name = "[CP] Check Pods Manifest.lock";
			outputPaths = (
				"$(DERIVED_FILE_DIR)/Pods-SwiftMVVM-checkManifestLockResult.txt",
			);
			runOnlyForDeploymentPostprocessing = 0;
			shellPath = /bin/sh;
			shellScript = "diff \"${PODS_PODFILE_DIR_PATH}/Podfile.lock\" \"${PODS_ROOT}/Manifest.lock\" > /dev/null\nif [ $? != 0 ] ; then\n    # print error to STDERR\n    echo \"error: The sandbox is not in sync with the Podfile.lock. Run 'pod install' or update your CocoaPods installation.\" >&2\n    exit 1\nfi\n# This output is used by Xcode 'outputs' to avoid re-running this script phase.\necho \"SUCCESS\" > \"${SCRIPT_OUTPUT_FILE_0}\"\n";
			showEnvVarsInLog = 0;
		};
		CF897B0B3E4A73F7C9780604 /* [CP] Embed Pods Frameworks */ = {
			isa = PBXShellScriptBuildPhase;
			buildActionMask = 2147483647;
			files = (
			);
			inputPaths = (
				"${SRCROOT}/Pods/Target Support Files/Pods-SwiftMVVM/Pods-SwiftMVVM-frameworks.sh",
				"${BUILT_PRODUCTS_DIR}/Alamofire/Alamofire.framework",
				"${BUILT_PRODUCTS_DIR}/Kingfisher/Kingfisher.framework",
				"${BUILT_PRODUCTS_DIR}/MBProgressHUD/MBProgressHUD.framework",
				"${BUILT_PRODUCTS_DIR}/ReachabilitySwift/Reachability.framework",
				"${BUILT_PRODUCTS_DIR}/Realm/Realm.framework",
				"${BUILT_PRODUCTS_DIR}/RealmSwift/RealmSwift.framework",
				"${BUILT_PRODUCTS_DIR}/SnapKit/SnapKit.framework",
				"${BUILT_PRODUCTS_DIR}/SwiftDate/SwiftDate.framework",
				"${BUILT_PRODUCTS_DIR}/SwiftyBeaver/SwiftyBeaver.framework",
				"${BUILT_PRODUCTS_DIR}/SwiftyJSON/SwiftyJSON.framework",
			);
			name = "[CP] Embed Pods Frameworks";
			outputPaths = (
				"${TARGET_BUILD_DIR}/${FRAMEWORKS_FOLDER_PATH}/Alamofire.framework",
				"${TARGET_BUILD_DIR}/${FRAMEWORKS_FOLDER_PATH}/Kingfisher.framework",
				"${TARGET_BUILD_DIR}/${FRAMEWORKS_FOLDER_PATH}/MBProgressHUD.framework",
				"${TARGET_BUILD_DIR}/${FRAMEWORKS_FOLDER_PATH}/Reachability.framework",
				"${TARGET_BUILD_DIR}/${FRAMEWORKS_FOLDER_PATH}/Realm.framework",
				"${TARGET_BUILD_DIR}/${FRAMEWORKS_FOLDER_PATH}/RealmSwift.framework",
				"${TARGET_BUILD_DIR}/${FRAMEWORKS_FOLDER_PATH}/SnapKit.framework",
				"${TARGET_BUILD_DIR}/${FRAMEWORKS_FOLDER_PATH}/SwiftDate.framework",
				"${TARGET_BUILD_DIR}/${FRAMEWORKS_FOLDER_PATH}/SwiftyBeaver.framework",
				"${TARGET_BUILD_DIR}/${FRAMEWORKS_FOLDER_PATH}/SwiftyJSON.framework",
			);
			runOnlyForDeploymentPostprocessing = 0;
			shellPath = /bin/sh;
			shellScript = "\"${SRCROOT}/Pods/Target Support Files/Pods-SwiftMVVM/Pods-SwiftMVVM-frameworks.sh\"\n";
			showEnvVarsInLog = 0;
		};
/* End PBXShellScriptBuildPhase section */

/* Begin PBXSourcesBuildPhase section */
		C8AC233E1FC7F42500CF03BF /* Sources */ = {
			isa = PBXSourcesBuildPhase;
			buildActionMask = 2147483647;
			files = (
				C8AC23EC1FC7F4AC00CF03BF /* NotifcationCenterExtension.swift in Sources */,
				C8AC24071FC7F4AC00CF03BF /* UIWebViewController.swift in Sources */,
				C8AC24161FC7F4AC00CF03BF /* MainTabBarController.swift in Sources */,
				C8AC23E21FC7F4AC00CF03BF /* File.swift in Sources */,
				C8AC24131FC7F4AC00CF03BF /* HideTopNavBarController.swift in Sources */,
				C8AC23EF1FC7F4AC00CF03BF /* UIViewControllerExtension.swift in Sources */,
				C8AC23E11FC7F4AC00CF03BF /* User.swift in Sources */,
				C8AC24111FC7F4AC00CF03BF /* UserCenterController.swift in Sources */,
				C8AC241E1FC7F4AC00CF03BF /* AHTabBar.swift in Sources */,
				C8AC23E41FC7F4AC00CF03BF /* Province.swift in Sources */,
				C8AC24021FC7F4AC00CF03BF /* DataBaseManager.swift in Sources */,
				C8AC23F41FC7F4AC00CF03BF /* FoundationExtension.swift in Sources */,
				C8AC23DE1FC7F4AC00CF03BF /* AppDelegate.swift in Sources */,
				C8AC24211FC7F4AC00CF03BF /* UserViewModel.swift in Sources */,
				C8AC23F01FC7F4AC00CF03BF /* UIStoryboardExtension.swift in Sources */,
				C8AC24221FC7F4AC00CF03BF /* HomeViewModel.swift in Sources */,
				C8AC24041FC7F4AC00CF03BF /* WKWebViewController.swift in Sources */,
				C8AC23EE1FC7F4AC00CF03BF /* NSUserDefaultsExtension.swift in Sources */,
				C8AC23F21FC7F4AC00CF03BF /* StringExtension.swift in Sources */,
				C8AC23DF1FC7F4AC00CF03BF /* Test.swift in Sources */,
				C8AC23ED1FC7F4AC00CF03BF /* UIApplicationExtension.swift in Sources */,
				C8AC23F51FC7F4AC00CF03BF /* Predefine.swift in Sources */,
				C8AC23F11FC7F4AC00CF03BF /* UIViewExtension.swift in Sources */,
				C8AC23E31FC7F4AC00CF03BF /* Country.swift in Sources */,
				C8AC24121FC7F4AC00CF03BF /* PlaceHolderViewController.swift in Sources */,
				C8AC24101FC7F4AC00CF03BF /* ResetPassWordController.swift in Sources */,
				C8AC23EA1FC7F4AC00CF03BF /* UIColorExtension.swift in Sources */,
				C8AC24031FC7F4AC00CF03BF /* AutoProgressHUD.swift in Sources */,
				C8AC24241FC7F4AC00CF03BF /* ProvinceViewModel.swift in Sources */,
				C8AC23FB1FC7F4AC00CF03BF /* CacheManager.swift in Sources */,
				C8AC24001FC7F4AC00CF03BF /* LocationManager.swift in Sources */,
				C8AC23F81FC7F4AC00CF03BF /* Request.swift in Sources */,
				C8AC23F71FC7F4AC00CF03BF /* NetworkManager.swift in Sources */,
				C8AC24051FC7F4AC00CF03BF /* WebViewController.swift in Sources */,
				C8AC23FF1FC7F4AC00CF03BF /* FilesManager.swift in Sources */,
				C8AC23EB1FC7F4AC00CF03BF /* NSObjectExtension.swift in Sources */,
				C8AC241B1FC7F4AC00CF03BF /* UIBarButtonItemExtension.swift in Sources */,
				C8AC23F31FC7F4AC00CF03BF /* UIImageExtension.swift in Sources */,
				C8AC24151FC7F4AC00CF03BF /* NormalNavBarController.swift in Sources */,
				C8AC241C1FC7F4AC00CF03BF /* DispatchQueueExtension.swift in Sources */,
				C8AC24011FC7F4AC00CF03BF /* DBModel.swift in Sources */,
				C8AC23FC1FC7F4AC00CF03BF /* AppManager.swift in Sources */,
				C8AC241F1FC7F4AC00CF03BF /* PlaceHolderNavBar.swift in Sources */,
				C8AC23E61FC7F4AC00CF03BF /* UserApi.swift in Sources */,
				C8AC23E91FC7F4AC00CF03BF /* NewsApi.swift in Sources */,
				C8AC23F91FC7F4AC00CF03BF /* HTTPProvider.swift in Sources */,
				C8AC240F1FC7F4AC00CF03BF /* LoginController.swift in Sources */,
				C8AC23FD1FC7F4AC00CF03BF /* DateTools.swift in Sources */,
				C8AC24061FC7F4AC00CF03BF /* WebUtils.swift in Sources */,
				C8AC23E81FC7F4AC00CF03BF /* ProvinceApi.swift in Sources */,
				C8AC241D1FC7F4AC00CF03BF /* LaunchedTransitionView.swift in Sources */,
				C8AC23E51FC7F4AC00CF03BF /* Fuck.swift in Sources */,
				C8AC241A1FC7F4AC00CF03BF /* UIBarButtonItemFixSpace.swift in Sources */,
				C8AC23F61FC7F4AC00CF03BF /* NetworkType.swift in Sources */,
				C8AC24231FC7F4AC00CF03BF /* BaseViewModel.swift in Sources */,
				C8AC23E71FC7F4AC00CF03BF /* TestApi.swift in Sources */,
				C8AC23FA1FC7F4AC00CF03BF /* NetworkConfiguration.swift in Sources */,
				C8AC23E01FC7F4AC00CF03BF /* City.swift in Sources */,
				C8AC240E1FC7F4AC00CF03BF /* HomeController.swift in Sources */,
				C8AC23FE1FC7F4AC00CF03BF /* ThemeManager.swift in Sources */,
			);
			runOnlyForDeploymentPostprocessing = 0;
		};
		C8AC23521FC7F42500CF03BF /* Sources */ = {
			isa = PBXSourcesBuildPhase;
			buildActionMask = 2147483647;
			files = (
				C8AC235B1FC7F42500CF03BF /* SwiftMVVMTests.swift in Sources */,
			);
			runOnlyForDeploymentPostprocessing = 0;
		};
		C8AC235D1FC7F42500CF03BF /* Sources */ = {
			isa = PBXSourcesBuildPhase;
			buildActionMask = 2147483647;
			files = (
				C8AC23661FC7F42500CF03BF /* SwiftMVVMUITests.swift in Sources */,
			);
			runOnlyForDeploymentPostprocessing = 0;
		};
/* End PBXSourcesBuildPhase section */

/* Begin PBXTargetDependency section */
		C8AC23581FC7F42500CF03BF /* PBXTargetDependency */ = {
			isa = PBXTargetDependency;
			target = C8AC23411FC7F42500CF03BF /* SwiftMVVM */;
			targetProxy = C8AC23571FC7F42500CF03BF /* PBXContainerItemProxy */;
		};
		C8AC23631FC7F42500CF03BF /* PBXTargetDependency */ = {
			isa = PBXTargetDependency;
			target = C8AC23411FC7F42500CF03BF /* SwiftMVVM */;
			targetProxy = C8AC23621FC7F42500CF03BF /* PBXContainerItemProxy */;
		};
/* End PBXTargetDependency section */

/* Begin PBXVariantGroup section */
		C8AC23C31FC7F4AB00CF03BF /* Main.storyboard */ = {
			isa = PBXVariantGroup;
			children = (
				C8AC23C41FC7F4AB00CF03BF /* zh-Hans */,
				C8AC23C51FC7F4AB00CF03BF /* en */,
			);
			name = Main.storyboard;
			sourceTree = "<group>";
		};
		C8AC23C61FC7F4AB00CF03BF /* LaunchScreen.storyboard */ = {
			isa = PBXVariantGroup;
			children = (
				C8B7B6581FC809290010BDE8 /* en */,
				C8B7B6591FC8092D0010BDE8 /* zh-Hans */,
			);
			name = LaunchScreen.storyboard;
			sourceTree = "<group>";
		};
/* End PBXVariantGroup section */

/* Begin XCBuildConfiguration section */
		C8AC23681FC7F42500CF03BF /* Debug */ = {
			isa = XCBuildConfiguration;
			buildSettings = {
				ALWAYS_SEARCH_USER_PATHS = NO;
				CLANG_ANALYZER_LOCALIZABILITY_NONLOCALIZED = YES;
				CLANG_ANALYZER_NONNULL = YES;
				CLANG_ANALYZER_NUMBER_OBJECT_CONVERSION = YES_AGGRESSIVE;
				CLANG_CXX_LANGUAGE_STANDARD = "gnu++14";
				CLANG_CXX_LIBRARY = "libc++";
				CLANG_ENABLE_MODULES = YES;
				CLANG_ENABLE_OBJC_ARC = YES;
				CLANG_WARN_BLOCK_CAPTURE_AUTORELEASING = YES;
				CLANG_WARN_BOOL_CONVERSION = YES;
				CLANG_WARN_COMMA = YES;
				CLANG_WARN_CONSTANT_CONVERSION = YES;
				CLANG_WARN_DIRECT_OBJC_ISA_USAGE = YES_ERROR;
				CLANG_WARN_DOCUMENTATION_COMMENTS = YES;
				CLANG_WARN_EMPTY_BODY = YES;
				CLANG_WARN_ENUM_CONVERSION = YES;
				CLANG_WARN_INFINITE_RECURSION = YES;
				CLANG_WARN_INT_CONVERSION = YES;
				CLANG_WARN_NON_LITERAL_NULL_CONVERSION = YES;
				CLANG_WARN_OBJC_LITERAL_CONVERSION = YES;
				CLANG_WARN_OBJC_ROOT_CLASS = YES_ERROR;
				CLANG_WARN_RANGE_LOOP_ANALYSIS = YES;
				CLANG_WARN_STRICT_PROTOTYPES = YES;
				CLANG_WARN_SUSPICIOUS_MOVE = YES;
				CLANG_WARN_UNGUARDED_AVAILABILITY = YES_AGGRESSIVE;
				CLANG_WARN_UNREACHABLE_CODE = YES;
				CLANG_WARN__DUPLICATE_METHOD_MATCH = YES;
				CODE_SIGN_IDENTITY = "iPhone Developer";
				COPY_PHASE_STRIP = NO;
				DEBUG_INFORMATION_FORMAT = dwarf;
				ENABLE_STRICT_OBJC_MSGSEND = YES;
				ENABLE_TESTABILITY = YES;
				GCC_C_LANGUAGE_STANDARD = gnu11;
				GCC_DYNAMIC_NO_PIC = NO;
				GCC_NO_COMMON_BLOCKS = YES;
				GCC_OPTIMIZATION_LEVEL = 0;
				GCC_PREPROCESSOR_DEFINITIONS = (
					"DEBUG=1",
					"$(inherited)",
				);
				GCC_WARN_64_TO_32_BIT_CONVERSION = YES;
				GCC_WARN_ABOUT_RETURN_TYPE = YES_ERROR;
				GCC_WARN_UNDECLARED_SELECTOR = YES;
				GCC_WARN_UNINITIALIZED_AUTOS = YES_AGGRESSIVE;
				GCC_WARN_UNUSED_FUNCTION = YES;
				GCC_WARN_UNUSED_VARIABLE = YES;
				IPHONEOS_DEPLOYMENT_TARGET = 11.1;
				MTL_ENABLE_DEBUG_INFO = YES;
				ONLY_ACTIVE_ARCH = YES;
				SDKROOT = iphoneos;
				SWIFT_ACTIVE_COMPILATION_CONDITIONS = DEBUG;
				SWIFT_OPTIMIZATION_LEVEL = "-Onone";
			};
			name = Debug;
		};
		C8AC23691FC7F42500CF03BF /* Release */ = {
			isa = XCBuildConfiguration;
			buildSettings = {
				ALWAYS_SEARCH_USER_PATHS = NO;
				CLANG_ANALYZER_LOCALIZABILITY_NONLOCALIZED = YES;
				CLANG_ANALYZER_NONNULL = YES;
				CLANG_ANALYZER_NUMBER_OBJECT_CONVERSION = YES_AGGRESSIVE;
				CLANG_CXX_LANGUAGE_STANDARD = "gnu++14";
				CLANG_CXX_LIBRARY = "libc++";
				CLANG_ENABLE_MODULES = YES;
				CLANG_ENABLE_OBJC_ARC = YES;
				CLANG_WARN_BLOCK_CAPTURE_AUTORELEASING = YES;
				CLANG_WARN_BOOL_CONVERSION = YES;
				CLANG_WARN_COMMA = YES;
				CLANG_WARN_CONSTANT_CONVERSION = YES;
				CLANG_WARN_DIRECT_OBJC_ISA_USAGE = YES_ERROR;
				CLANG_WARN_DOCUMENTATION_COMMENTS = YES;
				CLANG_WARN_EMPTY_BODY = YES;
				CLANG_WARN_ENUM_CONVERSION = YES;
				CLANG_WARN_INFINITE_RECURSION = YES;
				CLANG_WARN_INT_CONVERSION = YES;
				CLANG_WARN_NON_LITERAL_NULL_CONVERSION = YES;
				CLANG_WARN_OBJC_LITERAL_CONVERSION = YES;
				CLANG_WARN_OBJC_ROOT_CLASS = YES_ERROR;
				CLANG_WARN_RANGE_LOOP_ANALYSIS = YES;
				CLANG_WARN_STRICT_PROTOTYPES = YES;
				CLANG_WARN_SUSPICIOUS_MOVE = YES;
				CLANG_WARN_UNGUARDED_AVAILABILITY = YES_AGGRESSIVE;
				CLANG_WARN_UNREACHABLE_CODE = YES;
				CLANG_WARN__DUPLICATE_METHOD_MATCH = YES;
				CODE_SIGN_IDENTITY = "iPhone Developer";
				COPY_PHASE_STRIP = NO;
				DEBUG_INFORMATION_FORMAT = "dwarf-with-dsym";
				ENABLE_NS_ASSERTIONS = NO;
				ENABLE_STRICT_OBJC_MSGSEND = YES;
				GCC_C_LANGUAGE_STANDARD = gnu11;
				GCC_NO_COMMON_BLOCKS = YES;
				GCC_WARN_64_TO_32_BIT_CONVERSION = YES;
				GCC_WARN_ABOUT_RETURN_TYPE = YES_ERROR;
				GCC_WARN_UNDECLARED_SELECTOR = YES;
				GCC_WARN_UNINITIALIZED_AUTOS = YES_AGGRESSIVE;
				GCC_WARN_UNUSED_FUNCTION = YES;
				GCC_WARN_UNUSED_VARIABLE = YES;
				IPHONEOS_DEPLOYMENT_TARGET = 11.1;
				MTL_ENABLE_DEBUG_INFO = NO;
				SDKROOT = iphoneos;
				SWIFT_OPTIMIZATION_LEVEL = "-Owholemodule";
				VALIDATE_PRODUCT = YES;
			};
			name = Release;
		};
		C8AC236B1FC7F42500CF03BF /* Debug */ = {
			isa = XCBuildConfiguration;
			baseConfigurationReference = B1AF9EB4B3D1FB62559BC518 /* Pods-SwiftMVVM.debug.xcconfig */;
			buildSettings = {
				ASSETCATALOG_COMPILER_APPICON_NAME = AppIcon;
				CLANG_ENABLE_MODULES = YES;
				CODE_SIGN_ENTITLEMENTS = SwiftMVVM/SwiftMVVM.entitlements;
				CODE_SIGN_STYLE = Automatic;
				DEVELOPMENT_TEAM = 68X5R2774N;
				GCC_PREPROCESSOR_DEFINITIONS = (
					"$(inherited)",
					"COCOAPODS=1",
					FOO,
				);
				INFOPLIST_FILE = SwiftMVVM/Info.plist;
				IPHONEOS_DEPLOYMENT_TARGET = 9.0;
				LD_RUNPATH_SEARCH_PATHS = "$(inherited) @executable_path/Frameworks";
				OTHER_SWIFT_FLAGS = "$(inherited) \"-D\" \"COCOAPODS\" -DFOO -DDEBUG";
				PRODUCT_BUNDLE_IDENTIFIER = com.dylan.SwiftMVVM;
				PRODUCT_NAME = "$(TARGET_NAME)";
				SWIFT_OBJC_BRIDGING_HEADER = "SwiftMVVM/Utils/Configure/SwiftMVVM-Bridging-Header.h";
				SWIFT_OPTIMIZATION_LEVEL = "-Onone";
				SWIFT_VERSION = 4.0;
				TARGETED_DEVICE_FAMILY = 1;
			};
			name = Debug;
		};
		C8AC236C1FC7F42500CF03BF /* Release */ = {
			isa = XCBuildConfiguration;
			baseConfigurationReference = E9AE48A7555D28C39493ED88 /* Pods-SwiftMVVM.release.xcconfig */;
			buildSettings = {
				ASSETCATALOG_COMPILER_APPICON_NAME = AppIcon;
				CLANG_ENABLE_MODULES = YES;
				CODE_SIGN_ENTITLEMENTS = SwiftMVVM/SwiftMVVM.entitlements;
				CODE_SIGN_STYLE = Automatic;
				DEVELOPMENT_TEAM = 68X5R2774N;
				INFOPLIST_FILE = SwiftMVVM/Info.plist;
				IPHONEOS_DEPLOYMENT_TARGET = 9.0;
				LD_RUNPATH_SEARCH_PATHS = "$(inherited) @executable_path/Frameworks";
				OTHER_SWIFT_FLAGS = "$(inherited) \"-D\" \"COCOAPODS\"";
				PRODUCT_BUNDLE_IDENTIFIER = com.dylan.SwiftMVVM;
				PRODUCT_NAME = "$(TARGET_NAME)";
				SWIFT_OBJC_BRIDGING_HEADER = "SwiftMVVM/Utils/Configure/SwiftMVVM-Bridging-Header.h";
				SWIFT_VERSION = 4.0;
				TARGETED_DEVICE_FAMILY = 1;
			};
			name = Release;
		};
		C8AC236E1FC7F42500CF03BF /* Debug */ = {
			isa = XCBuildConfiguration;
			buildSettings = {
				ALWAYS_EMBED_SWIFT_STANDARD_LIBRARIES = YES;
				BUNDLE_LOADER = "$(TEST_HOST)";
				CODE_SIGN_STYLE = Automatic;
				INFOPLIST_FILE = SwiftMVVMTests/Info.plist;
				LD_RUNPATH_SEARCH_PATHS = "$(inherited) @executable_path/Frameworks @loader_path/Frameworks";
				PRODUCT_BUNDLE_IDENTIFIER = com.dylan.SwiftMVVMTests;
				PRODUCT_NAME = "$(TARGET_NAME)";
				SWIFT_VERSION = 4.0;
				TARGETED_DEVICE_FAMILY = "1,2";
				TEST_HOST = "$(BUILT_PRODUCTS_DIR)/SwiftMVVM.app/SwiftMVVM";
			};
			name = Debug;
		};
		C8AC236F1FC7F42500CF03BF /* Release */ = {
			isa = XCBuildConfiguration;
			buildSettings = {
				ALWAYS_EMBED_SWIFT_STANDARD_LIBRARIES = YES;
				BUNDLE_LOADER = "$(TEST_HOST)";
				CODE_SIGN_STYLE = Automatic;
				INFOPLIST_FILE = SwiftMVVMTests/Info.plist;
				LD_RUNPATH_SEARCH_PATHS = "$(inherited) @executable_path/Frameworks @loader_path/Frameworks";
				PRODUCT_BUNDLE_IDENTIFIER = com.dylan.SwiftMVVMTests;
				PRODUCT_NAME = "$(TARGET_NAME)";
				SWIFT_VERSION = 4.0;
				TARGETED_DEVICE_FAMILY = "1,2";
				TEST_HOST = "$(BUILT_PRODUCTS_DIR)/SwiftMVVM.app/SwiftMVVM";
			};
			name = Release;
		};
		C8AC23711FC7F42500CF03BF /* Debug */ = {
			isa = XCBuildConfiguration;
			buildSettings = {
				ALWAYS_EMBED_SWIFT_STANDARD_LIBRARIES = YES;
				CODE_SIGN_STYLE = Automatic;
				INFOPLIST_FILE = SwiftMVVMUITests/Info.plist;
				LD_RUNPATH_SEARCH_PATHS = "$(inherited) @executable_path/Frameworks @loader_path/Frameworks";
				PRODUCT_BUNDLE_IDENTIFIER = com.dylan.SwiftMVVMUITests;
				PRODUCT_NAME = "$(TARGET_NAME)";
				SWIFT_VERSION = 4.0;
				TARGETED_DEVICE_FAMILY = "1,2";
				TEST_TARGET_NAME = SwiftMVVM;
			};
			name = Debug;
		};
		C8AC23721FC7F42500CF03BF /* Release */ = {
			isa = XCBuildConfiguration;
			buildSettings = {
				ALWAYS_EMBED_SWIFT_STANDARD_LIBRARIES = YES;
				CODE_SIGN_STYLE = Automatic;
				INFOPLIST_FILE = SwiftMVVMUITests/Info.plist;
				LD_RUNPATH_SEARCH_PATHS = "$(inherited) @executable_path/Frameworks @loader_path/Frameworks";
				PRODUCT_BUNDLE_IDENTIFIER = com.dylan.SwiftMVVMUITests;
				PRODUCT_NAME = "$(TARGET_NAME)";
				SWIFT_VERSION = 4.0;
				TARGETED_DEVICE_FAMILY = "1,2";
				TEST_TARGET_NAME = SwiftMVVM;
			};
			name = Release;
		};
/* End XCBuildConfiguration section */

/* Begin XCConfigurationList section */
		C8AC233D1FC7F42500CF03BF /* Build configuration list for PBXProject "SwiftMVVM" */ = {
			isa = XCConfigurationList;
			buildConfigurations = (
				C8AC23681FC7F42500CF03BF /* Debug */,
				C8AC23691FC7F42500CF03BF /* Release */,
			);
			defaultConfigurationIsVisible = 0;
			defaultConfigurationName = Release;
		};
		C8AC236A1FC7F42500CF03BF /* Build configuration list for PBXNativeTarget "SwiftMVVM" */ = {
			isa = XCConfigurationList;
			buildConfigurations = (
				C8AC236B1FC7F42500CF03BF /* Debug */,
				C8AC236C1FC7F42500CF03BF /* Release */,
			);
			defaultConfigurationIsVisible = 0;
			defaultConfigurationName = Release;
		};
		C8AC236D1FC7F42500CF03BF /* Build configuration list for PBXNativeTarget "SwiftMVVMTests" */ = {
			isa = XCConfigurationList;
			buildConfigurations = (
				C8AC236E1FC7F42500CF03BF /* Debug */,
				C8AC236F1FC7F42500CF03BF /* Release */,
			);
			defaultConfigurationIsVisible = 0;
			defaultConfigurationName = Release;
		};
		C8AC23701FC7F42500CF03BF /* Build configuration list for PBXNativeTarget "SwiftMVVMUITests" */ = {
			isa = XCConfigurationList;
			buildConfigurations = (
				C8AC23711FC7F42500CF03BF /* Debug */,
				C8AC23721FC7F42500CF03BF /* Release */,
			);
			defaultConfigurationIsVisible = 0;
			defaultConfigurationName = Release;
		};
/* End XCConfigurationList section */
	};
	rootObject = C8AC233A1FC7F42500CF03BF /* Project object */;
}
